{
  "version": 2,
  "dependencies": {
    "net10.0": {
      "BCrypt.Net-Next": {
        "type": "Direct",
        "requested": "[4.1.0, )",
        "resolved": "4.1.0",
        "contentHash": "5YT3DKllmtkyW68PjURu/V1TOe4MKiByKwsRNVcfYE1S5KuFTeozdmKzyNzolKiQF391OXCaQtINvYT3j1ERzQ=="
      },
      "Destructurama.Attributed": {
        "type": "Direct",
        "requested": "[5.1.0, )",
        "resolved": "5.1.0",
        "contentHash": "OI13byX3ArLIsS5R33RrZacrssk1ph/zDZFTa68CeTCq9itbQRgMviGQxfByC178dCKRTEdelYlXbl4HXLl/Qw==",
        "dependencies": {
          "Serilog": "4.2.0"
        }
      },
      "DotNetEnv": {
        "type": "Direct",
        "requested": "[3.1.1, )",
        "resolved": "3.1.1",
        "contentHash": "o4SqUVCq0pqHF/HYsZk6k22XGIVmvsDVo+Dy7l0ubq9uQ45JkXswrMRJmYvhGLXWFYF0M5OupMonytB+0zvpGQ==",
        "dependencies": {
          "NETStandard.Library": "1.6.1",
          "Sprache": "2.3.1"
        }
      },
      "EFCore.NamingConventions": {
        "type": "Direct",
        "requested": "[10.0.1, )",
        "resolved": "10.0.1",
        "contentHash": "Xs5k8XfNKPkkQSkGmZkmDI1je0prLTdxse+s8PgTFZxyBrlrTLzTBUTVJtQKSsbvu4y+luAv8DdtO5SALJE++A==",
        "dependencies": {
          "Microsoft.EntityFrameworkCore": "[10.0.1, 11.0.0)",
          "Microsoft.EntityFrameworkCore.Relational": "[10.0.1, 11.0.0)"
        }
      },
      "FastEndpoints": {
        "type": "Direct",
        "requested": "[7.2.0, )",
        "resolved": "7.2.0",
        "contentHash": "igYC/SHrNwv8Ek+o0rjGALIONCIuQP7a6CMLSHGKRzFpjwdbI4JvsLlAfkb720bIF3B/dH1zRcEZejHeyDL2Rg==",
        "dependencies": {
          "FastEndpoints.Attributes": "7.2.0",
          "FastEndpoints.JobQueues": "7.2.0",
          "FastEndpoints.Messaging": "7.2.0",
          "FluentValidation": "12.1.1"
        }
      },
      "FastEndpoints.AspVersioning": {
        "type": "Direct",
        "requested": "[7.2.0, )",
        "resolved": "7.2.0",
        "contentHash": "xZSpI3Owjh7ZDKjg2z7efDGXBkU8mnVcl3oW6HtTQDSktncGh0L3HWBtNAHRdjChsuofwlKKJIpqM/xs/haKJQ==",
        "dependencies": {
          "Asp.Versioning.Http": "8.1.1",
          "Asp.Versioning.Mvc.ApiExplorer": "8.1.1",
          "FastEndpoints": "7.2.0",
          "NSwag.Generation.AspNetCore": "14.6.3"
        }
      },
      "FastEndpoints.Security": {
        "type": "Direct",
        "requested": "[7.2.0, )",
        "resolved": "7.2.0",
        "contentHash": "Ilj4C0QyQbRj4snZ/StFIPvx/F4USqwfn1jL5KaKzUBhMlCDiq2CuNEZJIbHkg0wcnsQoQjhuQfXzyTZMHDC/w==",
        "dependencies": {
          "FastEndpoints": "7.2.0",
          "Microsoft.AspNetCore.Authentication.JwtBearer": "10.0.1"
        }
      },
      "FastEndpoints.Swagger": {
        "type": "Direct",
        "requested": "[7.2.0, )",
        "resolved": "7.2.0",
        "contentHash": "CO29i+Ef84jMztSmJMUopl5g2EWwBz72I69uY+XmDf1SDSJ3XEBHwFSTUxjI2hn+lxLDjcHP4el2j2ywTATB/g==",
        "dependencies": {
          "FastEndpoints": "7.2.0",
          "NSwag.AspNetCore": "14.6.3"
        }
      },
      "FastIDs.TypeId": {
        "type": "Direct",
        "requested": "[1.2.1, )",
        "resolved": "1.2.1",
        "contentHash": "2HGsRxVQZB4/OjfGJ4qM+sl2IdzQ9lYuJ0T+lhcgqbOLyKbeJ74dN3QFUTIcjlwSKIu1yArOVr4uxv9K8Dqheg=="
      },
      "FastIDs.TypeId.Serialization.SystemTextJson": {
        "type": "Direct",
        "requested": "[1.1.1, )",
        "resolved": "1.1.1",
        "contentHash": "9Bq+V/qrYxazUayiyC/qjsHt2cVl1Fwl3ueIRDiUBuEWuOWKjjyS6TlzuIJjh02dmtJ/ZBjqlprOaCKArLtItg==",
        "dependencies": {
          "FastIDs.TypeId": "1.2.1"
        }
      },
      "FluentValidation": {
        "type": "Direct",
        "requested": "[12.1.1, )",
        "resolved": "12.1.1",
        "contentHash": "EPpkIe1yh1a0OXyC100oOA8WMbZvqUu5plwhvYcb7oSELfyUZzfxV48BLhvs3kKo4NwG7MGLNgy1RJiYtT8Dpw=="
      },
      "FluentValidation.DependencyInjectionExtensions": {
        "type": "Direct",
        "requested": "[12.1.1, )",
        "resolved": "12.1.1",
        "contentHash": "D0VXh4dtjjX2aQizuaa0g6R8X3U1JaVqJPfGCvLwZX9t/O2h7tkpbitbadQMfwcgSPdDbI2vDxuwRMv/Uf9dHA==",
        "dependencies": {
          "FluentValidation": "12.1.1"
        }
      },
      "Humanizer": {
        "type": "Direct",
        "requested": "[3.0.1, )",
        "resolved": "3.0.1",
        "contentHash": "uRZV5kBBsgDO4ImrjmsJOcx7OGUb5nIlj2Yhm7aWzqJHv2ymMAMcAIvkHbHzE6Z35tYRz3u83lmXJ8vUGsuCFg==",
        "dependencies": {
          "Humanizer.Core.af": "3.0.1",
          "Humanizer.Core.ar": "3.0.1",
          "Humanizer.Core.az": "3.0.1",
          "Humanizer.Core.bg": "3.0.1",
          "Humanizer.Core.bn": "3.0.1",
          "Humanizer.Core.ca": "3.0.1",
          "Humanizer.Core.cs": "3.0.1",
          "Humanizer.Core.da": "3.0.1",
          "Humanizer.Core.de": "3.0.1",
          "Humanizer.Core.el": "3.0.1",
          "Humanizer.Core.es": "3.0.1",
          "Humanizer.Core.fa": "3.0.1",
          "Humanizer.Core.fi": "3.0.1",
          "Humanizer.Core.fil": "3.0.1",
          "Humanizer.Core.fr": "3.0.1",
          "Humanizer.Core.he": "3.0.1",
          "Humanizer.Core.hr": "3.0.1",
          "Humanizer.Core.hu": "3.0.1",
          "Humanizer.Core.hy": "3.0.1",
          "Humanizer.Core.id": "3.0.1",
          "Humanizer.Core.is": "3.0.1",
          "Humanizer.Core.it": "3.0.1",
          "Humanizer.Core.ja": "3.0.1",
          "Humanizer.Core.ko": "3.0.1",
          "Humanizer.Core.ku": "3.0.1",
          "Humanizer.Core.lb": "3.0.1",
          "Humanizer.Core.lt": "3.0.1",
          "Humanizer.Core.lv": "3.0.1",
          "Humanizer.Core.ms": "3.0.1",
          "Humanizer.Core.mt": "3.0.1",
          "Humanizer.Core.nb": "3.0.1",
          "Humanizer.Core.nl": "3.0.1",
          "Humanizer.Core.pl": "3.0.1",
          "Humanizer.Core.pt": "3.0.1",
          "Humanizer.Core.pt-BR": "3.0.1",
          "Humanizer.Core.ro": "3.0.1",
          "Humanizer.Core.ru": "3.0.1",
          "Humanizer.Core.sk": "3.0.1",
          "Humanizer.Core.sl": "3.0.1",
          "Humanizer.Core.sr": "3.0.1",
          "Humanizer.Core.sr-Latn": "3.0.1",
          "Humanizer.Core.sv": "3.0.1",
          "Humanizer.Core.th": "3.0.1",
          "Humanizer.Core.tr": "3.0.1",
          "Humanizer.Core.uk": "3.0.1",
          "Humanizer.Core.uz-Cyrl-UZ": "3.0.1",
          "Humanizer.Core.uz-Latn-UZ": "3.0.1",
          "Humanizer.Core.vi": "3.0.1",
          "Humanizer.Core.zh-CN": "3.0.1",
          "Humanizer.Core.zh-Hans": "3.0.1",
          "Humanizer.Core.zh-Hant": "3.0.1"
        }
      },
      "JetBrains.Annotations": {
        "type": "Direct",
        "requested": "[2025.2.4, )",
        "resolved": "2025.2.4",
        "contentHash": "TwbgxAkXxY+vNEhNVx/QXjJ4vqxmepOjsgRvvImQPbHkHMMb4W+ahL3laMsxXKtNT7iMy+E1B3xkqao2hf1n3A=="
      },
      "Microsoft.AspNetCore.JsonPatch": {
        "type": "Direct",
        "requested": "[10.0.2, )",
        "resolved": "10.0.2",
        "contentHash": "AxRcJMoHvJ4NDVKiOas5Itd+uGhYcbkSqdtIWS49IQyJSwZuU4M9QCDt8anU3o4Dv5iDpkaLNWVmovH3x3E2ag==",
        "dependencies": {
          "Newtonsoft.Json": "13.0.3"
        }
      },
      "Microsoft.EntityFrameworkCore": {
        "type": "Direct",
        "requested": "[10.0.3, )",
        "resolved": "10.0.3",
        "contentHash": "CDEImwD4A7BseABJMCpLZnhfFjmPY/bHwhhS70elc6gLI/bYUEOhxWt7PmaNGYGhIEzOnStlCy5QcVb+8dod5Q==",
        "dependencies": {
          "Microsoft.EntityFrameworkCore.Abstractions": "10.0.3",
          "Microsoft.EntityFrameworkCore.Analyzers": "10.0.3"
        }
      },
      "Microsoft.EntityFrameworkCore.Analyzers": {
        "type": "Direct",
        "requested": "[10.0.3, )",
        "resolved": "10.0.3",
        "contentHash": "lVABgJTyTUNE7Bi0bSu4dWHiCHIXEGzTh/kLh0N07IgU/tIKwTeBPp8tgV4x2iKj4h7iPLo8oXzyHmLDGtAE1g=="
      },
      "Microsoft.Extensions.Diagnostics.HealthChecks": {
        "type": "Direct",
        "requested": "[10.0.2, )",
        "resolved": "10.0.2",
        "contentHash": "PRqTKCjP5RVko1DdD5SJHaakVO5mljJUTIwQtDusIWlokvFFigxKOejc+vvcp+jJQgzkNJClXbgYhJCpncW60w=="
      },
      "Newtonsoft.Json": {
        "type": "Direct",
        "requested": "[13.0.4, )",
        "resolved": "13.0.4",
        "contentHash": "pdgNNMai3zv51W5aq268sujXUyx7SNdE2bj1wZcWjAQrKMFZV260lbqYop1d2GM67JI1huLRwxo9ZqnfF/lC6A=="
      },
      "NodaTime": {
        "type": "Direct",
        "requested": "[3.3.0, )",
        "resolved": "3.3.0",
        "contentHash": "zmUEQPp9yXyGAqWSBhxfwdDhRh4EV04lvYn4P5bUb6dTz1m5AXTYaeSLQ447YLPI2Ge5VGFj20G2DWg5gtiXZg=="
      },
      "NodaTime.Serialization.SystemTextJson": {
        "type": "Direct",
        "requested": "[1.3.0, )",
        "resolved": "1.3.0",
        "contentHash": "Zf9sdKrfcId0rvZLOB7Yncy/cfCv20TdQ84IKE6CkcWW33u1wsRvmYUbfaP5MYUm+9vp9Yoi3G2vN1/9nZ/JCA==",
        "dependencies": {
          "NodaTime": "[3.0.0, 4.0.0)"
        }
      },
      "Npgsql": {
        "type": "Direct",
        "requested": "[10.0.1, )",
        "resolved": "10.0.1",
        "contentHash": "XyUcxEfqlFomhNTG/ZdGlec+uSOQArKz0Mzz8jYKP/Jj9GM2YabU5CVZtp0yiC4f9hRp+tRZTnHMatJeJ3rwgw=="
      },
      "Npgsql.DependencyInjection": {
        "type": "Direct",
        "requested": "[10.0.1, )",
        "resolved": "10.0.1",
        "contentHash": "YHFa4vD27sNIfv6s5q8Zi1fLvKfmK1xcpMv0PUvXOxDFbRmuMRSHwpZTbPvsAlj97q1/o7DfyynLqfqrCm1VnA==",
        "dependencies": {
          "Npgsql": "10.0.1"
        }
      },
      "Npgsql.EntityFrameworkCore.PostgreSQL": {
        "type": "Direct",
        "requested": "[10.0.0, )",
        "resolved": "10.0.0",
        "contentHash": "E2+uSWxSB8LdsUVwPaqRWOcGOP92biry2JEwc0KJMdLJF+aZdczeIdEXVwEyv4nSVMQJH0o8tLhyAMiR6VF0lw==",
        "dependencies": {
          "Microsoft.EntityFrameworkCore": "[10.0.0, 11.0.0)",
          "Microsoft.EntityFrameworkCore.Relational": "[10.0.0, 11.0.0)",
          "Npgsql": "10.0.0"
        }
      },
      "Npgsql.EntityFrameworkCore.PostgreSQL.NodaTime": {
        "type": "Direct",
        "requested": "[10.0.0, )",
        "resolved": "10.0.0",
        "contentHash": "rOdtaU3eIJPP+qheKV1JqEy2WuJYuukr+rFVIH6xefcyJ9kGTTw/o7xGLOQMLbbfQBmiWjFv4lDxHSv79g0Fqg==",
        "dependencies": {
          "Npgsql.EntityFrameworkCore.PostgreSQL": "10.0.0",
          "Npgsql.NodaTime": "10.0.0"
        }
      },
      "Npgsql.NodaTime": {
        "type": "Direct",
        "requested": "[10.0.1, )",
        "resolved": "10.0.1",
        "contentHash": "BGp2QsgAuMIZ2o2Od5sk9NkDB9EVMLcphVgr4s3wbh1S+ZvMXXY4RiyNTcHEhCvk42vyrcrUKEl3iNwNggy9vA==",
        "dependencies": {
          "NodaTime": "3.2.2",
          "Npgsql": "10.0.1"
        }
      },
      "Npgsql.OpenTelemetry": {
        "type": "Direct",
        "requested": "[10.0.1, )",
        "resolved": "10.0.1",
        "contentHash": "G9fEIBaHggZXWfDSDnKLc0XwKcbuU6i2eXp7zDqpgYxbhCmIN9fRgaSOGyyMNHSo/yY1IB4G4CjW5VO/SKRR0g==",
        "dependencies": {
          "Npgsql": "10.0.1",
          "OpenTelemetry.API": "1.14.0"
        }
      },
      "OpenTelemetry": {
        "type": "Direct",
        "requested": "[1.15.0, )",
        "resolved": "1.15.0",
        "contentHash": "7mS/oZFF8S6xyqGQfMU1btp0nXJQUPWV535Vp/XMLYwRAUv36xQN+U4vufWBF1+z4HnRTOwuFHtUSGnHbyN6FQ==",
        "dependencies": {
          "OpenTelemetry.Api.ProviderBuilderExtensions": "1.15.0"
        }
      },
      "OpenTelemetry.Exporter.OpenTelemetryProtocol": {
        "type": "Direct",
        "requested": "[1.15.0, )",
        "resolved": "1.15.0",
        "contentHash": "VH8ANc/js9IRvfYt0Q2UaAxNCOWm+IU+vWrtoH7pfx4oWPVdISUt+9uWfBCFMWZg5WzQip5dhslyDjeyZXXfSQ==",
        "dependencies": {
          "OpenTelemetry": "1.15.0"
        }
      },
      "OpenTelemetry.Extensions.Hosting": {
        "type": "Direct",
        "requested": "[1.15.0, )",
        "resolved": "1.15.0",
        "contentHash": "RixjKyB1pbYGhWdvPto4KJs+exdQknJsnjUO9WszdLles5Vcd0EYzxPNJdwmLjYfP+Jfbr4B5nktM4ZgeHSWtg==",
        "dependencies": {
          "OpenTelemetry": "1.15.0"
        }
      },
      "OpenTelemetry.Instrumentation.AspNetCore": {
        "type": "Direct",
        "requested": "[1.15.0, )",
        "resolved": "1.15.0",
        "contentHash": "mte1nRYefxjed2syXgVWq3UCfMKO7MkebvTZmf0O1aLgVgCktLsVjQ6mftyjIbWGBBCHN0wg+Glxj8BSFS70pQ==",
        "dependencies": {
          "OpenTelemetry.Api.ProviderBuilderExtensions": "[1.15.0, 2.0.0)"
        }
      },
      "OpenTelemetry.Instrumentation.Http": {
        "type": "Direct",
        "requested": "[1.15.0, )",
        "resolved": "1.15.0",
        "contentHash": "uToc7bUp8IEdb0ny9mKsL6FrrYelINPzxxiSShJgOf4XmQc4Azww6S5RjRj24YhsOn2a1MABOrxfVTZXtDk4Eg==",
        "dependencies": {
          "OpenTelemetry.Api.ProviderBuilderExtensions": "[1.15.0, 2.0.0)"
        }
      },
      "OpenTelemetry.Instrumentation.Process": {
        "type": "Direct",
        "requested": "[1.15.0-beta.1, )",
        "resolved": "1.15.0-beta.1",
        "contentHash": "99zSvpwsMpKextd3RkHGY8iRsmw1qg3PjqkjC5hZI0fZG6m+wPsssrX6z9RhwDGcZ8sdGNjoKyLpNOmR154zQg==",
        "dependencies": {
          "OpenTelemetry.Api": "[1.15.0, 2.0.0)"
        }
      },
      "OpenTelemetry.Instrumentation.Runtime": {
        "type": "Direct",
        "requested": "[1.15.0, )",
        "resolved": "1.15.0",
        "contentHash": "OOvpqR/j2Pb6+tWhHNODIbSJ53Or/MDtTiXEyrsWI02K2lLAgvBFcxUOrHggS/8015cYR3AdSaXv6NZrkz5yQA==",
        "dependencies": {
          "OpenTelemetry.Api": "[1.15.0, 2.0.0)"
        }
      },
      "Roslynator.Analyzers": {
        "type": "Direct",
        "requested": "[4.15.0, )",
        "resolved": "4.15.0",
        "contentHash": "E8fu71Y+vzhniJKy1K13Rzwm8Vjcj7CDFBpflqncKUZfc3SzuF0kMBiyMmgXNPkjWTdE3Z+30HlGgYjHONZY/Q=="
      },
      "Serilog": {
        "type": "Direct",
        "requested": "[4.3.1, )",
        "resolved": "4.3.1",
        "contentHash": "savYe7h5yRlkqBVOwP8cIRDOdqKiPmYCU4W87JH38sBmcKD5EBoXvQIw6bNEvZ/pTe1gsiye3VFCzBsoppGkXQ=="
      },
      "Serilog.AspNetCore": {
        "type": "Direct",
        "requested": "[10.0.0, )",
        "resolved": "10.0.0",
        "contentHash": "a/cNa1mY4On1oJlfGG1wAvxjp5g7OEzk/Jf/nm7NF9cWoE7KlZw1GldrifUBWm9oKibHkR7Lg/l5jy3y7ACR8w==",
        "dependencies": {
          "Serilog": "4.3.0",
          "Serilog.Extensions.Hosting": "10.0.0",
          "Serilog.Formatting.Compact": "3.0.0",
          "Serilog.Settings.Configuration": "10.0.0",
          "Serilog.Sinks.Console": "6.1.1",
          "Serilog.Sinks.Debug": "3.0.0",
          "Serilog.Sinks.File": "7.0.0"
        }
      },
      "Serilog.Exceptions": {
        "type": "Direct",
        "requested": "[8.4.0, )",
        "resolved": "8.4.0",
        "contentHash": "nc/+hUw3lsdo0zCj0KMIybAu7perMx79vu72w0za9Nsi6mWyNkGXxYxakAjWB7nEmYL6zdmhEQRB4oJ2ALUeug==",
        "dependencies": {
          "Serilog": "2.8.0",
          "System.Reflection.TypeExtensions": "4.7.0"
        }
      },
      "Serilog.Expressions": {
        "type": "Direct",
        "requested": "[5.0.0, )",
        "resolved": "5.0.0",
        "contentHash": "QhZjXtUcA2QfQRA60m+DfyIfidKsQV7HBstbYEDqzJKMbJH/KnKthkkjciRuYrmFE+scWv1JibC5LlXrdtOUmw==",
        "dependencies": {
          "Serilog": "4.0.0"
        }
      },
      "Serilog.Sinks.Console": {
        "type": "Direct",
        "requested": "[6.1.1, )",
        "resolved": "6.1.1",
        "contentHash": "8jbqgjUyZlfCuSTaJk6lOca465OndqOz3KZP6Cryt/IqZYybyBu7GP0fE/AXBzrrQB3EBmQntBFAvMVz1COvAA==",
        "dependencies": {
          "Serilog": "4.0.0"
        }
      },
      "Serilog.Sinks.File": {
        "type": "Direct",
        "requested": "[7.0.0, )",
        "resolved": "7.0.0",
        "contentHash": "fKL7mXv7qaiNBUC71ssvn/dU0k9t0o45+qm2XgKAlSt19xF+ijjxyA3R6HmCgfKEKwfcfkwWjayuQtRueZFkYw==",
        "dependencies": {
          "Serilog": "4.2.0"
        }
      },
      "Serilog.Sinks.OpenTelemetry": {
        "type": "Direct",
        "requested": "[4.2.0, )",
        "resolved": "4.2.0",
        "contentHash": "PzMCyE5G19tjr5IZEi5qg+4UU5QrxBEoBEMu/hhYybTrGKXqUDiSGWKZNUDBgelaVKqLADlsmlJVyKce5SyPrg==",
        "dependencies": {
          "Google.Protobuf": "3.30.1",
          "Grpc.Net.Client": "2.70.0",
          "Serilog": "4.2.0"
        }
      },
      "SonarAnalyzer.CSharp": {
        "type": "Direct",
        "requested": "[10.19.0.132793, )",
        "resolved": "10.19.0.132793",
        "contentHash": "vDQSFE+KU5pXfVNzz4R4CA0ZGuLO35Sn+a7z2nyV9EM/nHsvl+WFGZ61Uk9eTdbhta1YXzqCMXB2B+6dn6ykVA=="
      },
      "Sqids": {
        "type": "Direct",
        "requested": "[3.2.0, )",
        "resolved": "3.2.0",
        "contentHash": "dW95pdwc9q3Lqmy9WkWxS2V6B6nalyINJD8crfT8w03SAQEIAgBIazaxOmh7Cs/MDZxe6luc4QiAfvgWYPmaow=="
      },
      "UUIDNext": {
        "type": "Direct",
        "requested": "[4.2.3, )",
        "resolved": "4.2.3",
        "contentHash": "yiiS1GZf9O0QV09jJ0Y+b6UeJL19swlb0JwgnsS3ZPQZoGztXd9S9jU0XppbWP+BDxG5uzQ3FXmlcw3WS3p+qg=="
      },
      "Asp.Versioning.Abstractions": {
        "type": "Transitive",
        "resolved": "8.1.0",
        "contentHash": "mpeNZyMdvrHztJwR1sXIUQ+3iioEU97YMBnFA9WLbsPOYhGwDJnqJMmEd8ny7kcmS9OjTHoEuX/bSXXY3brIFA=="
      },
      "Asp.Versioning.Http": {
        "type": "Transitive",
        "resolved": "8.1.1",
        "contentHash": "1D/Mzq1MSUSQe1eCY6GeEsu+tIlpzoWZxZkhlcw/uvtVoTrwO+BMl0fSj/XX8oZN1DutWTZqHDHgyDRq+IeSdQ==",
        "dependencies": {
          "Asp.Versioning.Abstractions": "8.1.0"
        }
      },
      "Asp.Versioning.Mvc": {
        "type": "Transitive",
        "resolved": "8.1.1",
        "contentHash": "mkJv6eAdlbHbqTdrUcfEYFoZuGL6HoR7O+Lfsvivixp7N5BNhfCFPPOwsBzdIiH1qzdJXyJf+C+DZ08j27PMPg==",
        "dependencies": {
          "Asp.Versioning.Http": "8.1.1"
        }
      },
      "Asp.Versioning.Mvc.ApiExplorer": {
        "type": "Transitive",
        "resolved": "8.1.1",
        "contentHash": "u8PrP6CjmurgIh0EDfg8Gc/GdpDHgkbv8OLKdxQcWb5W4sp0i9BcdbQlLvRcATjNIJUyr7ZmqXjmdsFfqnuy0g==",
        "dependencies": {
          "Asp.Versioning.Mvc": "8.1.1"
        }
      },
      "dbup-core": {
        "type": "Transitive",
        "resolved": "6.0.15",
        "contentHash": "w0eaoyVitzgBiHTILEnj23smrbrxZ1nLF7K8uOyG6rvrctRtC0NTuSYHoB/3aq+B9hi9E/DiW9pOtNto5V9P3g=="
      },
      "FastEndpoints.Attributes": {
        "type": "Transitive",
        "resolved": "7.2.0",
        "contentHash": "gn6/JW0QaSANrcUXDfexW8y3bDT/dYWk0sxvvgJWoRTR1WIyipkLE9AIWdBeVsVbVQP9gZWKgVzRMMm86Zq9HA=="
      },
      "FastEndpoints.Core": {
        "type": "Transitive",
        "resolved": "7.2.0",
        "contentHash": "nvclrOvmtyhR2WggtuuqI5aj4ICaMOOBx/buPlUqJ1S8OV5hgHr5SEEKfA9eRihiFJ3LGMcyxTd2+YWtFaeZAA=="
      },
      "FastEndpoints.JobQueues": {
        "type": "Transitive",
        "resolved": "7.2.0",
        "contentHash": "IC6EA/pBMRoXl5EQZrzZfXk6gyzxE6tBipQ8r+kkRuIXQX6LScvlL34gNs0kjXHO1+BS85/gwatDpvD6T5uNDw==",
        "dependencies": {
          "FastEndpoints.Messaging": "7.2.0"
        }
      },
      "FastEndpoints.Messaging": {
        "type": "Transitive",
        "resolved": "7.2.0",
        "contentHash": "29i3GfBpQ2VJA9XRb+k2IRIWRaxsxeDrVBgL78Gq8t3BMjq/QNBdN2P83uJfV0kJGfV813SviDbPo3gk+OW8MQ==",
        "dependencies": {
          "FastEndpoints.Core": "7.2.0",
          "FastEndpoints.Messaging.Core": "7.2.0"
        }
      },
      "FastEndpoints.Messaging.Core": {
        "type": "Transitive",
        "resolved": "7.2.0",
        "contentHash": "uRbFy6dmVie3wwlOjgrrE6lu5+U1SXmo8kwsr3Xzv/WnHrDw4vXFiqb8FmuS9q9jMGDn2UoYii5H0jC9g1RWDg=="
      },
      "Google.Protobuf": {
        "type": "Transitive",
        "resolved": "3.30.1",
        "contentHash": "HeWXDQBabQn/sCGicbeLJ0HMunknfC4FdLrOQOsaMJHcpqx3HVIpyyJqTrqJlWnza870twhOb+rBcaTiC/TlNA=="
      },
      "Grpc.Core.Api": {
        "type": "Transitive",
        "resolved": "2.70.0",
        "contentHash": "66UotvWcSIq41oiQhLWcQACyKPM4umxXNiht5DQTLZJfNwEswWOcS7Z0xIEHyNIBE7ZpjotH22bEjTkvhPxmVw=="
      },
      "Grpc.Net.Client": {
        "type": "Transitive",
        "resolved": "2.70.0",
        "contentHash": "xNv0FFCVJa5S1beUtye82WFCxKThuE1jbN8DO1x1Rj8VSIWXLBUmfSID5a1fGzsU2R/EMfwPoWclJ2RMfQuGXw==",
        "dependencies": {
          "Grpc.Net.Common": "2.70.0"
        }
      },
      "Grpc.Net.Common": {
        "type": "Transitive",
        "resolved": "2.70.0",
        "contentHash": "rBdEUMyCwa+iB8mqC6JKyPbj3SBHHkReJj/yy/XKJI63GcG6w9DJMMGTVcYHqq4Ci2W4m0HT4jt2pFfFscar8g==",
        "dependencies": {
          "Grpc.Core.Api": "2.70.0"
        }
      },
      "Humanizer.Core": {
        "type": "Transitive",
        "resolved": "3.0.1",
        "contentHash": "scB3+KcxNmEjZK5V8rKCW2gIiL8m8KH91w14FuuExyhi9xTyAJ+jr+DDxGdy12mHmioe2uvjxTfMgM7WmSUFlw=="
      },
      "Humanizer.Core.af": {
        "type": "Transitive",
        "resolved": "3.0.1",
        "contentHash": "LKNTk2cl3wkK4Nhkbi7YQ0OnxzUvmJNOCUjCwy7rk/NBSSz909HfvC6eshjjWX1owE5Fnk5fyHzq//5vN0IOfw==",
        "dependencies": {
          "Humanizer.Core": "[3.0.1]"
        }
      },
      "Humanizer.Core.ar": {
        "type": "Transitive",
        "resolved": "3.0.1",
        "contentHash": "c4V0Kq4HSL9dCfTHiWrs/75E/2j0X+N5Sto+a+0BbUB5o5+Tr1aE0D99amCQPnDb6GeU/v/Cxejdhmtyu9TWwQ==",
        "dependencies": {
          "Humanizer.Core": "[3.0.1]"
        }
      },
      "Humanizer.Core.az": {
        "type": "Transitive",
        "resolved": "3.0.1",
        "contentHash": "ZOdgketyLCdqswUMCY//oM/zIctTxW542GoE6xa+VJ6kAZ6KjDcYJORxkTaK+q7pXW7u/KiGKEH2E71WiePG8w==",
        "dependencies": {
          "Humanizer.Core": "[3.0.1]"
        }
      },
      "Humanizer.Core.bg": {
        "type": "Transitive",
        "resolved": "3.0.1",
        "contentHash": "b0cHZdnOEHc/3GHlo3dwsDZY8Gf/YZZ2u1znVfPRdOxjUfbUIA1SrNynNXgKiqWIKoG6ugprEkmD7p+/OF3AdA==",
        "dependencies": {
          "Humanizer.Core": "[3.0.1]"
        }
      },
      "Humanizer.Core.bn": {
        "type": "Transitive",
        "resolved": "3.0.1",
        "contentHash": "vGmTf3p4jcCO9C9F5Z04pGnuLvfKQMQnbxvtY2qsIUJEqmQ5lZ1/F0CzOd6Rvbx3dIhQ+0wDoXE3iYEmmBAQTw==",
        "dependencies": {
          "Humanizer.Core": "[3.0.1]"
        }
      },
      "Humanizer.Core.ca": {
        "type": "Transitive",
        "resolved": "3.0.1",
        "contentHash": "AG8zl+fXOl6B9XrjPl+L2emKHNkygO7/7TwecNdmVRQNCSxxvm214K81RGMFEyPpTmUKpwx6Uqv8ADbjjonGMQ==",
        "dependencies": {
          "Humanizer.Core": "[3.0.1]"
        }
      },
      "Humanizer.Core.cs": {
        "type": "Transitive",
        "resolved": "3.0.1",
        "contentHash": "UAt+Nfe2bjK6b2RD0paI/755I8tbFGu4rfwNAUKUM/M7n+F5MLHTlSaRZiKsd45s92WvXxOrkO3bccFRNL2Amw==",
        "dependencies": {
          "Humanizer.Core": "[3.0.1]"
        }
      },
      "Humanizer.Core.da": {
        "type": "Transitive",
        "resolved": "3.0.1",
        "contentHash": "DTRHLcwR3WLCwz8M3O5FeZFHdssPdIKkTMJbDm6s93ae/K7hrOrTGPlCkv1yE9ZobKAIUxB9Wdm9YSfDxhngTQ==",
        "dependencies": {
          "Humanizer.Core": "[3.0.1]"
        }
      },
      "Humanizer.Core.de": {
        "type": "Transitive",
        "resolved": "3.0.1",
        "contentHash": "MGgIR1+RDxJUctd40yP4xBI7afd3agcGcq6vLd06NhtBInicTeswu1iaBYKOh0rciY86pl4Nww/B0Cg7rXUZUQ==",
        "dependencies": {
          "Humanizer.Core": "[3.0.1]"
        }
      },
      "Humanizer.Core.el": {
        "type": "Transitive",
        "resolved": "3.0.1",
        "contentHash": "XS0TXXGf+Ei3lQJmyptLAZzCfY7Ffkv1O2sZrW5uA7pWnSjsupMZjSmEv2X4oo7Zu1ZRK+bB9S0e7rkqDWpn8A==",
        "dependencies": {
          "Humanizer.Core": "[3.0.1]"
        }
      },
      "Humanizer.Core.es": {
        "type": "Transitive",
        "resolved": "3.0.1",
        "contentHash": "6yqGUvfwQfzKwR5ocYIG+qUoPG2SDua7WaaEb9O0xTT1QmqRL0Crzsc07ciHgOZilKB079YDJh1F9ltHFZZyxA==",
        "dependencies": {
          "Humanizer.Core": "[3.0.1]"
        }
      },
      "Humanizer.Core.fa": {
        "type": "Transitive",
        "resolved": "3.0.1",
        "contentHash": "V3F+5SMORKekzej0m89qu5zm76Kqe0I016qBHjwsy7jd1nL3xnEEixPatqQoMtluWw8mUUL3NTYC7EFTR7AEZw==",
        "dependencies": {
          "Humanizer.Core": "[3.0.1]"
        }
      },
      "Humanizer.Core.fi": {
        "type": "Transitive",
        "resolved": "3.0.1",
        "contentHash": "fg8ZPwuheKZ5dZn8cc12c9KWJlugwhvXCvGymRKF8E5wETvkz4a/aVRaGaA0euCf1fbou+LT7JvPkWanow5sVA==",
        "dependencies": {
          "Humanizer.Core": "[3.0.1]"
        }
      },
      "Humanizer.Core.fil": {
        "type": "Transitive",
        "resolved": "3.0.1",
        "contentHash": "Fuld+Fb3fSuxsVzaLV+It4CNQgXX3kwo3ZDOYD+vyJQ3miEmbswB79wrCsxzF9vD6dxSEUM6c1RuOHlQApQiSw==",
        "dependencies": {
          "Humanizer.Core": "[3.0.1]"
        }
      },
      "Humanizer.Core.fr": {
        "type": "Transitive",
        "resolved": "3.0.1",
        "contentHash": "YvBU3L/8yWGO5TZG9wuZejcAFyYKUYUBcRd/0aBj29yAFaU7AxOVMDkvAZ4Djjvqaa2FGM+5aURfS7V4vMfegA==",
        "dependencies": {
          "Humanizer.Core": "[3.0.1]"
        }
      },
      "Humanizer.Core.he": {
        "type": "Transitive",
        "resolved": "3.0.1",
        "contentHash": "/cUou0hORxlbXBwwHh7PtZ1i0hlBbD9QkoOBYEwmr7e+xIyVNfH6lAfGS0ZPsuX+QHRzCn4mURK/hBaLKDVolw==",
        "dependencies": {
          "Humanizer.Core": "[3.0.1]"
        }
      },
      "Humanizer.Core.hr": {
        "type": "Transitive",
        "resolved": "3.0.1",
        "contentHash": "F6zCt7cAKPZhHK0M26Gj+HttdYAEPt/JPEZ7I8Bk6pBDSXikq97Zn8Vj0UUj1MWYIDul2L4UP9+B41bXn/xe/A==",
        "dependencies": {
          "Humanizer.Core": "[3.0.1]"
        }
      },
      "Humanizer.Core.hu": {
        "type": "Transitive",
        "resolved": "3.0.1",
        "contentHash": "NrtTiA0vbU0qvWY6BCbJy/6dMoknrw/tfyHVXUDNSGcWRAqv5S7yiaYufSxaHiyUM4l8I5ZNZII2KJ7iqqL8sg==",
        "dependencies": {
          "Humanizer.Core": "[3.0.1]"
        }
      },
      "Humanizer.Core.hy": {
        "type": "Transitive",
        "resolved": "3.0.1",
        "contentHash": "aLjHh5XmzDI1pfGzN+z3bPVCgek8Z0K50MTyhaMKFWssa0PdqPFuwoF7ZwI1cyonZzif1LB1r6Ibrvgmw5OhQg==",
        "dependencies": {
          "Humanizer.Core": "[3.0.1]"
        }
      },
      "Humanizer.Core.id": {
        "type": "Transitive",
        "resolved": "3.0.1",
        "contentHash": "gpgTbOlZjnt+36Qn6KuNk+iO8zpc+Xg4YK8QazARmV71Jw2AFgWJHRZJZG0aUO+ssEAkAxVrpXxxKrTsUZjAtA==",
        "dependencies": {
          "Humanizer.Core": "[3.0.1]"
        }
      },
      "Humanizer.Core.is": {
        "type": "Transitive",
        "resolved": "3.0.1",
        "contentHash": "4RRKEa3ob42dDemSfP1oeo4Yp3U3kU21JivMdFFxsAW6mb8f7yUvGHCVe/FT3Jp1NvXhM3RS2s5vHbBrpDU8cg==",
        "dependencies": {
          "Humanizer.Core": "[3.0.1]"
        }
      },
      "Humanizer.Core.it": {
        "type": "Transitive",
        "resolved": "3.0.1",
        "contentHash": "pdKh1KxTDi5tQsT2rpChPWeLss7h2AsZB+RZrrTS9mkx1dFPw7aJfLDOP6mGiCSwjV16s9bJDOvTmIMgmbXfYA==",
        "dependencies": {
          "Humanizer.Core": "[3.0.1]"
        }
      },
      "Humanizer.Core.ja": {
        "type": "Transitive",
        "resolved": "3.0.1",
        "contentHash": "qQtb0A759FWcxs8wmrzSQDi97yXxwQQFgBmhYMJ/pll+meAO893jMd5qR9VzRkTTRjCAdU0wTVDWO3rpC7YBAQ==",
        "dependencies": {
          "Humanizer.Core": "[3.0.1]"
        }
      },
      "Humanizer.Core.ko": {
        "type": "Transitive",
        "resolved": "3.0.1",
        "contentHash": "pMkFipRR20mcBWILGNPryzmKdJXYsD24IfNpqWsAiEX4+/c+g+M9YUJwLbdY0oEi792Y3irdWUI1IpnfPcY8Iw==",
        "dependencies": {
          "Humanizer.Core": "[3.0.1]"
        }
      },
      "Humanizer.Core.ku": {
        "type": "Transitive",
        "resolved": "3.0.1",
        "contentHash": "7FZAyQ9qzJMrkDNSkrqcqx0ob7sdg0RWYI/M3yz6IaB5v8nqWO2WnPbPq78XGKGgL/fOiBT2XVKVqKYkdLrulA==",
        "dependencies": {
          "Humanizer.Core": "[3.0.1]"
        }
      },
      "Humanizer.Core.lb": {
        "type": "Transitive",
        "resolved": "3.0.1",
        "contentHash": "ktEeiniJT4syJvPnTXp+bcTQ6R6R7+Je9isCUKrmuDEoRJNr6OoFu36K5RTtvlUsasI7Ru2KP94uSSVnUcSLrA==",
        "dependencies": {
          "Humanizer.Core": "[3.0.1]"
        }
      },
      "Humanizer.Core.lt": {
        "type": "Transitive",
        "resolved": "3.0.1",
        "contentHash": "r5nkmODEYCb/wzmn1+ERWVuZQWLLF8n/zf5e82GSGXo1mgt00wTBLcduGUwIlaWsPo5zAS4eiWCkGLNezPfgLw==",
        "dependencies": {
          "Humanizer.Core": "[3.0.1]"
        }
      },
      "Humanizer.Core.lv": {
        "type": "Transitive",
        "resolved": "3.0.1",
        "contentHash": "4rsHaWK0iyYyHzWN83OZv1RcS8Ho96YoVPq0ZKrlSTfR5ig4xeDacjkoQOxBWDDEUFOlvR3Snno8xWQCE2dI1w==",
        "dependencies": {
          "Humanizer.Core": "[3.0.1]"
        }
      },
      "Humanizer.Core.ms": {
        "type": "Transitive",
        "resolved": "3.0.1",
        "contentHash": "9wHegXMF9bYdbtXGxkOBTB69pk3U3l3xN1JLhTSUyC3ZhzTlBILCewk93afthIOV+vaiQZlZzpK6WDe/ScRS7w==",
        "dependencies": {
          "Humanizer.Core": "[3.0.1]"
        }
      },
      "Humanizer.Core.mt": {
        "type": "Transitive",
        "resolved": "3.0.1",
        "contentHash": "I0kph898CunykQr+6gcXzMhlfuPBgUWY1l4+9Puqemm/WRJV4rdW+AVsGicqtwa5Fs2gFfrbtEVKrc1detS88A==",
        "dependencies": {
          "Humanizer.Core": "[3.0.1]"
        }
      },
      "Humanizer.Core.nb": {
        "type": "Transitive",
        "resolved": "3.0.1",
        "contentHash": "QopJKzTLbjA9z1+YqLRxLrlaXqCnjpAuT9ta3BlT1IZmaFijleh1TvsjmA1l7qkkKqUoumPR7L81Vh6CQu9/GA==",
        "dependencies": {
          "Humanizer.Core": "[3.0.1]"
        }
      },
      "Humanizer.Core.nl": {
        "type": "Transitive",
        "resolved": "3.0.1",
        "contentHash": "j5ddH/XUltLWrPZpHehjQwpPIfHoOUQqi6MCJpJUo106k2TPe+ipyzkhnnnibk9qK+Hd81ov817DhbAbbD2A7A==",
        "dependencies": {
          "Humanizer.Core": "[3.0.1]"
        }
      },
      "Humanizer.Core.pl": {
        "type": "Transitive",
        "resolved": "3.0.1",
        "contentHash": "WjOfc4AzpOZBNlCHsAASbTlvmv3kgQLW3h3vabx66QoehEGl/Kllq4GlNGQRc9kVLUVF7upVC4jSE7MjjtADlA==",
        "dependencies": {
          "Humanizer.Core": "[3.0.1]"
        }
      },
      "Humanizer.Core.pt": {
        "type": "Transitive",
        "resolved": "3.0.1",
        "contentHash": "/OehqYW5xklbEPr0aAYRLmc33/71OqPVjdmU5aYj3KcbNWFI+O0YhfdP2SQITEJGbkSXfr5YdsavkLzEMEfgOg==",
        "dependencies": {
          "Humanizer.Core": "[3.0.1]"
        }
      },
      "Humanizer.Core.pt-BR": {
        "type": "Transitive",
        "resolved": "3.0.1",
        "contentHash": "bZ1UXCWJtsboUjGREGrwO1ppyHj0cr1Z8xXc5IM7WyxVWnowYGBhyerqKO/Lwr8kdpmJncstSB4FsKnSjM39HQ==",
        "dependencies": {
          "Humanizer.Core": "[3.0.1]"
        }
      },
      "Humanizer.Core.ro": {
        "type": "Transitive",
        "resolved": "3.0.1",
        "contentHash": "ua23bRGks2wu4ZSRto8f2KRCBug0DjqmPylMlRT+I4geCGNlnrRdf5917gLaqyPQJ6eCDkKGET3D8D/lackB6Q==",
        "dependencies": {
          "Humanizer.Core": "[3.0.1]"
        }
      },
      "Humanizer.Core.ru": {
        "type": "Transitive",
        "resolved": "3.0.1",
        "contentHash": "Hffw9P/yRVOKwB0S+0878ve7wvHKBS22rqKiaJW6nr1VfmNSFNKdo1tYG9lkwT1POMy3g5b0xi0YqqEmUXtpWQ==",
        "dependencies": {
          "Humanizer.Core": "[3.0.1]"
        }
      },
      "Humanizer.Core.sk": {
        "type": "Transitive",
        "resolved": "3.0.1",
        "contentHash": "kb5oyCUqc7/WDX8fAD37rQveV/Cy9gXcFKy3rKc0sEoDHWIkgVg3y6sW8sPYG4sTuREkDbsOtifRLI+nnsr3Lg==",
        "dependencies": {
          "Humanizer.Core": "[3.0.1]"
        }
      },
      "Humanizer.Core.sl": {
        "type": "Transitive",
        "resolved": "3.0.1",
        "contentHash": "FNtrA7C13LUlpvz88tlsomW/KvlZ0S85MpOrxB5LomdmwJtuE6qAVicFsgEJFfCohqEh9RYJ6u5J2QLmtrXJrg==",
        "dependencies": {
          "Humanizer.Core": "[3.0.1]"
        }
      },
      "Humanizer.Core.sr": {
        "type": "Transitive",
        "resolved": "3.0.1",
        "contentHash": "mhxLDwyt9BdsHPdeVBDrJfZee8IMl2sx1edf1UzUe+L5R3iXX4DvDnM7+f3+WfKryPQQtTCAeovMy+jlC4O4NQ==",
        "dependencies": {
          "Humanizer.Core": "[3.0.1]"
        }
      },
      "Humanizer.Core.sr-Latn": {
        "type": "Transitive",
        "resolved": "3.0.1",
        "contentHash": "t4YT2guMSknD9c1FhrhhPVpxzQTrk4HxecOcKM8A18FMCnA6s/PbAF0ryjWvNo9Tnzzh8dS3VVlVKAm3S0cQcA==",
        "dependencies": {
          "Humanizer.Core": "[3.0.1]"
        }
      },
      "Humanizer.Core.sv": {
        "type": "Transitive",
        "resolved": "3.0.1",
        "contentHash": "GEjSEUWI0Mve2ZpUJa5YwmHWa8/FCc/Hsea7LiSp41gHWkvmh5HCC2wsz/39sc+C+FgA7OEUvXHDLC/Z3p0Hew==",
        "dependencies": {
          "Humanizer.Core": "[3.0.1]"
        }
      },
      "Humanizer.Core.th": {
        "type": "Transitive",
        "resolved": "3.0.1",
        "contentHash": "4g7znXXhYO7kyOhyqYp84Sv25q4LhVQjjY1JIaKXjpfKfDcYSmZ0aUyOXg14SvYbIinOvPR2XEiYdHHyT/uzDA==",
        "dependencies": {
          "Humanizer.Core": "[3.0.1]"
        }
      },
      "Humanizer.Core.tr": {
        "type": "Transitive",
        "resolved": "3.0.1",
        "contentHash": "g36S6Qo9BJumD7AQYux9/2pzQ2FFmRx4YJ7pOqz9UbJ/S2Ic1w3gGNU1YxnNnHTmPHEpo7abQFkCeh/47e0cMg==",
        "dependencies": {
          "Humanizer.Core": "[3.0.1]"
        }
      },
      "Humanizer.Core.uk": {
        "type": "Transitive",
        "resolved": "3.0.1",
        "contentHash": "tWPIN7k+S8skLeb1SPvOrM+6gonNkwj636hsGorKwua9Z2ggr41YB8gdx1wj52yCJ1wckLbjz5+l/6KVBpen6g==",
        "dependencies": {
          "Humanizer.Core": "[3.0.1]"
        }
      },
      "Humanizer.Core.uz-Cyrl-UZ": {
        "type": "Transitive",
        "resolved": "3.0.1",
        "contentHash": "3TRikS82eHOxeIXU0iKI26hAj0vLrx7beHtv6zsSpbp4akqUHWv15c9TP0hGVFSz+WOOWZPfpoRSEet4JsWPqA==",
        "dependencies": {
          "Humanizer.Core": "[3.0.1]"
        }
      },
      "Humanizer.Core.uz-Latn-UZ": {
        "type": "Transitive",
        "resolved": "3.0.1",
        "contentHash": "+O91D1kwMQ3EGSWl42RU9PBJu1hTyfcezVFE2FcdPi1YuPjT5FpPdjq0NUFujAUa5xSSxcfTI/Ultx6WXlAjOw==",
        "dependencies": {
          "Humanizer.Core": "[3.0.1]"
        }
      },
      "Humanizer.Core.vi": {
        "type": "Transitive",
        "resolved": "3.0.1",
        "contentHash": "9lNDn+MhtYoCDBSIEgQ8YRuYI3RGrw6ilX4u18e4OxwGg75xGr8DqQ6tAqMFpnmHqQXVz8/xc06nuPMLeUHfNQ==",
        "dependencies": {
          "Humanizer.Core": "[3.0.1]"
        }
      },
      "Humanizer.Core.zh-CN": {
        "type": "Transitive",
        "resolved": "3.0.1",
        "contentHash": "owiD1DAcG+ABrC0GmJm9qBfaDnFlQGwQUcQUH1Q+ZJLDNNEC8B45B9wY7droXaZbVUU8zQvg4AiHw2TEI1b3oA==",
        "dependencies": {
          "Humanizer.Core": "[3.0.1]"
        }
      },
      "Humanizer.Core.zh-Hans": {
        "type": "Transitive",
        "resolved": "3.0.1",
        "contentHash": "RI8vi3WpQxC7wyluN1LvLqp3YnyACEMhkpBXT0c73RALmWtwih7wskmbHvSG/GE/XXjOFhRdwqhKJQ6Ceh+YGw==",
        "dependencies": {
          "Humanizer.Core": "[3.0.1]"
        }
      },
      "Humanizer.Core.zh-Hant": {
        "type": "Transitive",
        "resolved": "3.0.1",
        "contentHash": "GWgEWGcflavxgcAil3ZYhnqmXZlaJA/QHURXC9GpSp7jrEGkN526ju67fEn0+LpzYRsj3mOZp2ZfFH1ltjD+FQ==",
        "dependencies": {
          "Humanizer.Core": "[3.0.1]"
        }
      },
      "Microsoft.AspNetCore.Authentication.JwtBearer": {
        "type": "Transitive",
        "resolved": "10.0.1",
        "contentHash": "lvyUEBVv7V1/UvGxfOV3a0kyaQatPAU+ZHru7xha6WVOpa+7aJtKehbiu9VpAt/G50FR+hUwL4nTY33ijsCXwA==",
        "dependencies": {
          "Microsoft.IdentityModel.Protocols.OpenIdConnect": "8.0.1"
        }
      },
      "Microsoft.EntityFrameworkCore.Abstractions": {
        "type": "Transitive",
        "resolved": "10.0.3",
        "contentHash": "c7Uoz381xnMHNBRB8eHRhGgzUtXbgddlbODhwZRrTSzZWDharp3RkJsFwhxyESbeXhCqmML7VdvjMQ7uu+HreA=="
      },
      "Microsoft.EntityFrameworkCore.Relational": {
        "type": "Transitive",
        "resolved": "10.0.1",
        "contentHash": "8/5kYGwKN6wtc89QqcPTOZDAJSMX8MzKCf5OmYjIfAHWTfsUEpGKYrdtfNk4X36rQ0BiU3n57Y4rbtnerzJN0Q==",
        "dependencies": {
          "Microsoft.EntityFrameworkCore": "10.0.1"
        }
      },
      "Microsoft.Extensions.DependencyModel": {
        "type": "Transitive",
        "resolved": "10.0.0",
        "contentHash": "RFYJR7APio/BiqdQunRq6DB+nDB6nc2qhHr77mlvZ0q0BT8PubMXN7XicmfzCbrDE/dzhBnUKBRXLTcqUiZDGg=="
      },
      "Microsoft.IdentityModel.Abstractions": {
        "type": "Transitive",
        "resolved": "8.0.1",
        "contentHash": "OtlIWcyX01olfdevPKZdIPfBEvbcioDyBiE/Z2lHsopsMD7twcKtlN9kMevHmI5IIPhFpfwCIiR6qHQz1WHUIw=="
      },
      "Microsoft.IdentityModel.JsonWebTokens": {
        "type": "Transitive",
        "resolved": "8.0.1",
        "contentHash": "s6++gF9x0rQApQzOBbSyp4jUaAlwm+DroKfL8gdOHxs83k8SJfUXhuc46rDB3rNXBQ1MVRxqKUrqFhO/M0E97g==",
        "dependencies": {
          "Microsoft.IdentityModel.Tokens": "8.0.1"
        }
      },
      "Microsoft.IdentityModel.Logging": {
        "type": "Transitive",
        "resolved": "8.0.1",
        "contentHash": "UCPF2exZqBXe7v/6sGNiM6zCQOUXXQ9+v5VTb9gPB8ZSUPnX53BxlN78v2jsbIvK9Dq4GovQxo23x8JgWvm/Qg==",
        "dependencies": {
          "Microsoft.IdentityModel.Abstractions": "8.0.1"
        }
      },
      "Microsoft.IdentityModel.Protocols": {
        "type": "Transitive",
        "resolved": "8.0.1",
        "contentHash": "uA2vpKqU3I2mBBEaeJAWPTjT9v1TZrGWKdgK6G5qJd03CLx83kdiqO9cmiK8/n1erkHzFBwU/RphP83aAe3i3g==",
        "dependencies": {
          "Microsoft.IdentityModel.Tokens": "8.0.1"
        }
      },
      "Microsoft.IdentityModel.Protocols.OpenIdConnect": {
        "type": "Transitive",
        "resolved": "8.0.1",
        "contentHash": "AQDbfpL+yzuuGhO/mQhKNsp44pm5Jv8/BI4KiFXR7beVGZoSH35zMV3PrmcfvSTsyI6qrcR898NzUauD6SRigg==",
        "dependencies": {
          "Microsoft.IdentityModel.Protocols": "8.0.1",
          "System.IdentityModel.Tokens.Jwt": "8.0.1"
        }
      },
      "Microsoft.IdentityModel.Tokens": {
        "type": "Transitive",
        "resolved": "8.0.1",
        "contentHash": "kDimB6Dkd3nkW2oZPDkMkVHfQt3IDqO5gL0oa8WVy3OP4uE8Ij+8TXnqg9TOd9ufjsY3IDiGz7pCUbnfL18tjg==",
        "dependencies": {
          "Microsoft.IdentityModel.Logging": "8.0.1"
        }
      },
      "Microsoft.NETCore.Platforms": {
        "type": "Transitive",
        "resolved": "1.1.0",
        "contentHash": "kz0PEW2lhqygehI/d6XsPCQzD7ff7gUJaVGPVETX611eadGsA3A877GdSlU0LRVMCTH/+P3o2iDTak+S08V2+A=="
      },
      "Namotion.Reflection": {
        "type": "Transitive",
        "resolved": "3.4.3",
        "contentHash": "KLk2gLR9f8scM82EiL+p9TONXXPy9+IAZVMzJOA/Wsa7soZD7UJGG6j0fq0D9ZoVnBRRnSeEC7kShhRo3Olgaw=="
      },
      "NETStandard.Library": {
        "type": "Transitive",
        "resolved": "1.6.1",
        "contentHash": "WcSp3+vP+yHNgS8EV5J7pZ9IRpeDuARBPN28by8zqff1wJQXm26PVU8L3/fYLBJVU7BtDyqNVWq2KlCVvSSR4A==",
        "dependencies": {
          "Microsoft.NETCore.Platforms": "1.1.0"
        }
      },
      "NJsonSchema": {
        "type": "Transitive",
        "resolved": "11.5.2",
        "contentHash": "CAmnt4tnylb82Ro6f2EFIGz8rmThuCsITECUNqGhVEQ5VvxV+XwsTPz6LF58MbvUEV1jVcH+uxxljgM/etgK7A==",
        "dependencies": {
          "NJsonSchema.Annotations": "11.5.2",
          "Namotion.Reflection": "3.4.3",
          "Newtonsoft.Json": "13.0.3"
        }
      },
      "NJsonSchema.Annotations": {
        "type": "Transitive",
        "resolved": "11.5.2",
        "contentHash": "OfYQgNzJZb1r/gR5vza0DbBLxnmcITDhA5CXFuX1qxuP3rRdQMjbIz5VyDVHCU1QxyrfAymzajbh7iszEvyFGQ=="
      },
      "NJsonSchema.NewtonsoftJson": {
        "type": "Transitive",
        "resolved": "11.5.2",
        "contentHash": "2KuhjeP/E/hqixoKRjKUXD56V8gBkEB51gdbTU2gN2AeabCG4gW5YsAUl+ZumFgj0cbEJ7GKdl9IBdeZaLxiTA==",
        "dependencies": {
          "NJsonSchema": "11.5.2",
          "Newtonsoft.Json": "13.0.3"
        }
      },
      "NJsonSchema.Yaml": {
        "type": "Transitive",
        "resolved": "11.5.2",
        "contentHash": "1H835IiOxO5tpqpTN4Ibs0qymHbobHoYr+2K3ZdUVpzwlFDgaGflKmKT+7Hj4cBxKBsNs+MxTeCOEeM+PN1VRw==",
        "dependencies": {
          "NJsonSchema": "11.5.2",
          "YamlDotNet": "16.3.0"
        }
      },
      "NSwag.Annotations": {
        "type": "Transitive",
        "resolved": "14.6.3",
        "contentHash": "ZAmmjFF6ieW7D7bS7ViIcFZ6Sq77NxAZbvIOypsB8EVRnZMdcr+Rn/sVaVDwPi3YtZJBydSAMNsYDdluhy0ayA=="
      },
      "NSwag.AspNetCore": {
        "type": "Transitive",
        "resolved": "14.6.3",
        "contentHash": "rKhVvcmhDdI91RBntyzzO/Tjfeo4dh1zkO2UaG3R7wWp40GUK+RzZJpY4NjwuawsG+PPEWCDCKEgJL8BNo3R3A==",
        "dependencies": {
          "NJsonSchema": "11.5.2",
          "NJsonSchema.NewtonsoftJson": "11.5.2",
          "NJsonSchema.Yaml": "11.5.2",
          "NSwag.Annotations": "14.6.3",
          "NSwag.Core.Yaml": "14.6.3",
          "NSwag.Generation.AspNetCore": "14.6.3",
          "Namotion.Reflection": "3.4.3",
          "Newtonsoft.Json": "13.0.3"
        }
      },
      "NSwag.Core": {
        "type": "Transitive",
        "resolved": "14.6.3",
        "contentHash": "TrX5mbmuoOIUaOs/77Rohu0xir4nKjAVHmVsct7wmnsAI6b0HOYEM9eH9km0VbcNKj0baNQ7qYSKH6KXMkkz0Q==",
        "dependencies": {
          "NJsonSchema": "11.5.2",
          "Namotion.Reflection": "3.4.3",
          "Newtonsoft.Json": "13.0.3"
        }
      },
      "NSwag.Core.Yaml": {
        "type": "Transitive",
        "resolved": "14.6.3",
        "contentHash": "/XVgHvtFaJiGElFG1Wuk9N4AwKzmrD8udUKymDQPoqtvg5L0nSeZsnlRgKwPJq/4vquN51AIGWqB8iK4O3YRHg==",
        "dependencies": {
          "NJsonSchema": "11.5.2",
          "NJsonSchema.Yaml": "11.5.2",
          "NSwag.Core": "14.6.3",
          "Namotion.Reflection": "3.4.3",
          "Newtonsoft.Json": "13.0.3"
        }
      },
      "NSwag.Generation": {
        "type": "Transitive",
        "resolved": "14.6.3",
        "contentHash": "PMeOxbdL9XaSgPN2eZfb9gv1fHEtqMujaXCR/EL2A8JNVicCNZH73iy/IKuhNrTstZdzHp0XMYz1vbIvUKiWvQ==",
        "dependencies": {
          "NJsonSchema": "11.5.2",
          "NJsonSchema.NewtonsoftJson": "11.5.2",
          "NSwag.Core": "14.6.3",
          "Namotion.Reflection": "3.4.3",
          "Newtonsoft.Json": "13.0.3"
        }
      },
      "NSwag.Generation.AspNetCore": {
        "type": "Transitive",
        "resolved": "14.6.3",
        "contentHash": "h3A6dekJz95mjLVREa0PHejNTipzZlslqGXttruMJdEBRtxqDOVe3osNllXszAF2kA5JKL8hByNlySIr6aI7MQ==",
        "dependencies": {
          "NJsonSchema": "11.5.2",
          "NJsonSchema.NewtonsoftJson": "11.5.2",
          "NSwag.Generation": "14.6.3",
          "Namotion.Reflection": "3.4.3",
          "Newtonsoft.Json": "13.0.3"
        }
      },
      "OpenTelemetry.Api": {
        "type": "Transitive",
        "resolved": "1.15.0",
        "contentHash": "vk5OGdf6K9kQScCWo3bRjhDWCv6Pqw92IpX4dlARZ8B1WL7/2NGTDtCkkw42eQf7UdwyoHKzVvMH/PtL8d6z7w=="
      },
      "OpenTelemetry.Api.ProviderBuilderExtensions": {
        "type": "Transitive",
        "resolved": "1.15.0",
        "contentHash": "OnuSUlRpGvowkOzGFQfy+KZFu0cITfKfh2IYJJiZskxVJiOuexwOOuvfDAgpJdmTzVWAHjYdz2shcHZaJ06UjQ==",
        "dependencies": {
          "OpenTelemetry.Api": "1.15.0"
        }
      },
      "Serilog.Extensions.Hosting": {
        "type": "Transitive",
        "resolved": "10.0.0",
        "contentHash": "E7juuIc+gzoGxgzFooFgAV8g9BfiSXNKsUok9NmEpyAXg2odkcPsMa/Yo4axkJRlh0se7mkYQ1GXDaBemR+b6w==",
        "dependencies": {
          "Serilog": "4.3.0",
          "Serilog.Extensions.Logging": "10.0.0"
        }
      },
      "Serilog.Extensions.Logging": {
        "type": "Transitive",
        "resolved": "10.0.0",
        "contentHash": "vx0kABKl2dWbBhhqAfTOk53/i8aV/5VaT3a6il9gn72Wqs2pM7EK2OB6No6xdqK2IaY6Zf9gdjLuK9BVa2rT+Q==",
        "dependencies": {
          "Serilog": "4.2.0"
        }
      },
      "Serilog.Formatting.Compact": {
        "type": "Transitive",
        "resolved": "3.0.0",
        "contentHash": "wQsv14w9cqlfB5FX2MZpNsTawckN4a8dryuNGbebB/3Nh1pXnROHZov3swtu3Nj5oNG7Ba+xdu7Et/ulAUPanQ==",
        "dependencies": {
          "Serilog": "4.0.0"
        }
      },
      "Serilog.Settings.Configuration": {
        "type": "Transitive",
        "resolved": "10.0.0",
        "contentHash": "LNq+ibS1sbhTqPV1FIE69/9AJJbfaOhnaqkzcjFy95o+4U+STsta9mi97f1smgXsWYKICDeGUf8xUGzd/52/uA==",
        "dependencies": {
          "Microsoft.Extensions.DependencyModel": "10.0.0",
          "Serilog": "4.3.0"
        }
      },
      "Serilog.Sinks.Debug": {
        "type": "Transitive",
        "resolved": "3.0.0",
        "contentHash": "4BzXcdrgRX7wde9PmHuYd9U6YqycCC28hhpKonK7hx0wb19eiuRj16fPcPSVp0o/Y1ipJuNLYQ00R3q2Zs8FDA==",
        "dependencies": {
          "Serilog": "4.0.0"
        }
      },
      "Sprache": {
        "type": "Transitive",
        "resolved": "2.3.1",
        "contentHash": "Q+mXeiTxiUYG3lKYF6TS82/SyB4F2613Q1yXTMwg4jWGHEEVC3yrzHtNcI4B3qnDI0+eJsezGJ0V+cToUytHWw=="
      },
      "System.IdentityModel.Tokens.Jwt": {
        "type": "Transitive",
        "resolved": "8.0.1",
        "contentHash": "GJw3bYkWpOgvN3tJo5X4lYUeIFA2HD293FPUhKmp7qxS+g5ywAb34Dnd3cDAFLkcMohy5XTpoaZ4uAHuw0uSPQ==",
        "dependencies": {
          "Microsoft.IdentityModel.JsonWebTokens": "8.0.1",
          "Microsoft.IdentityModel.Tokens": "8.0.1"
        }
      },
      "System.Reflection.TypeExtensions": {
        "type": "Transitive",
        "resolved": "4.7.0",
        "contentHash": "VybpaOQQhqE6siHppMktjfGBw1GCwvCqiufqmP8F1nj7fTUNtW35LOEt3UZTEsECfo+ELAl/9o9nJx3U91i7vA=="
      },
      "YamlDotNet": {
        "type": "Transitive",
        "resolved": "16.3.0",
        "contentHash": "SgMOdxbz8X65z8hraIs6hOEdnkH6hESTAIUa7viEngHOYaH+6q5XJmwr1+yb9vJpNQ19hCQY69xbFsLtXpobQA=="
      },
      "hackathonmanager.migrator": {
        "type": "Project",
        "dependencies": {
          "JetBrains.Annotations": "[2025.2.4, )",
          "Npgsql": "[10.0.1, )",
          "dbup-postgresql": "[6.1.5, )"
        }
      },
      "dbup-postgresql": {
        "type": "CentralTransitive",
        "requested": "[6.1.5, )",
        "resolved": "6.1.5",
        "contentHash": "oIqxqC8f2j6/VLsvzV971sOcTugytrU2sot29GlBFMJQmnkBn3S15mSgA4Qt6fOx9sdbf2rp9yGUtvocBlKu3A==",
        "dependencies": {
          "Npgsql": "9.0.4",
          "dbup-core": "6.0.15"
        }
      }
    }
  }
}