{
  "version": 2,
  "dependencies": {
    "net10.0": {
      "BCrypt.Net-Next": {
        "type": "Direct",
        "requested": "[4.1.0, )",
        "resolved": "4.1.0",
        "contentHash": "5YT3DKllmtkyW68PjURu/V1TOe4MKiByKwsRNVcfYE1S5KuFTeozdmKzyNzolKiQF391OXCaQtINvYT3j1ERzQ=="
      },
      "Destructurama.Attributed": {
        "type": "Direct",
        "requested": "[5.1.0, )",
        "resolved": "5.1.0",
        "contentHash": "OI13byX3ArLIsS5R33RrZacrssk1ph/zDZFTa68CeTCq9itbQRgMviGQxfByC178dCKRTEdelYlXbl4HXLl/Qw==",
        "dependencies": {
          "Serilog": "4.2.0"
        }
      },
      "DotNetEnv": {
        "type": "Direct",
        "requested": "[3.1.1, )",
        "resolved": "3.1.1",
        "contentHash": "o4SqUVCq0pqHF/HYsZk6k22XGIVmvsDVo+Dy7l0ubq9uQ45JkXswrMRJmYvhGLXWFYF0M5OupMonytB+0zvpGQ==",
        "dependencies": {
          "NETStandard.Library": "1.6.1",
          "Sprache": "2.3.1"
        }
      },
      "EFCore.NamingConventions": {
        "type": "Direct",
        "requested": "[10.0.1, )",
        "resolved": "10.0.1",
        "contentHash": "Xs5k8XfNKPkkQSkGmZkmDI1je0prLTdxse+s8PgTFZxyBrlrTLzTBUTVJtQKSsbvu4y+luAv8DdtO5SALJE++A==",
        "dependencies": {
          "Microsoft.EntityFrameworkCore": "[10.0.1, 11.0.0)",
          "Microsoft.EntityFrameworkCore.Relational": "[10.0.1, 11.0.0)"
        }
      },
      "FastEndpoints": {
        "type": "Direct",
        "requested": "[7.2.0, )",
        "resolved": "7.2.0",
        "contentHash": "igYC/SHrNwv8Ek+o0rjGALIONCIuQP7a6CMLSHGKRzFpjwdbI4JvsLlAfkb720bIF3B/dH1zRcEZejHeyDL2Rg==",
        "dependencies": {
          "FastEndpoints.Attributes": "7.2.0",
          "FastEndpoints.JobQueues": "7.2.0",
          "FastEndpoints.Messaging": "7.2.0",
          "FluentValidation": "12.1.1"
        }
      },
      "FastEndpoints.AspVersioning": {
        "type": "Direct",
        "requested": "[7.2.0, )",
        "resolved": "7.2.0",
        "contentHash": "xZSpI3Owjh7ZDKjg2z7efDGXBkU8mnVcl3oW6HtTQDSktncGh0L3HWBtNAHRdjChsuofwlKKJIpqM/xs/haKJQ==",
        "dependencies": {
          "Asp.Versioning.Http": "8.1.1",
          "Asp.Versioning.Mvc.ApiExplorer": "8.1.1",
          "FastEndpoints": "7.2.0",
          "NSwag.Generation.AspNetCore": "14.6.3"
        }
      },
      "FastEndpoints.Security": {
        "type": "Direct",
        "requested": "[7.2.0, )",
        "resolved": "7.2.0",
        "contentHash": "Ilj4C0QyQbRj4snZ/StFIPvx/F4USqwfn1jL5KaKzUBhMlCDiq2CuNEZJIbHkg0wcnsQoQjhuQfXzyTZMHDC/w==",
        "dependencies": {
          "FastEndpoints": "7.2.0",
          "Microsoft.AspNetCore.Authentication.JwtBearer": "10.0.1"
        }
      },
      "FastEndpoints.Swagger": {
        "type": "Direct",
        "requested": "[7.2.0, )",
        "resolved": "7.2.0",
        "contentHash": "CO29i+Ef84jMztSmJMUopl5g2EWwBz72I69uY+XmDf1SDSJ3XEBHwFSTUxjI2hn+lxLDjcHP4el2j2ywTATB/g==",
        "dependencies": {
          "FastEndpoints": "7.2.0",
          "NSwag.AspNetCore": "14.6.3"
        }
      },
      "FastIDs.TypeId": {
        "type": "Direct",
        "requested": "[1.2.1, )",
        "resolved": "1.2.1",
        "contentHash": "2HGsRxVQZB4/OjfGJ4qM+sl2IdzQ9lYuJ0T+lhcgqbOLyKbeJ74dN3QFUTIcjlwSKIu1yArOVr4uxv9K8Dqheg=="
      },
      "FastIDs.TypeId.Serialization.SystemTextJson": {
        "type": "Direct",
        "requested": "[1.1.1, )",
        "resolved": "1.1.1",
        "contentHash": "9Bq+V/qrYxazUayiyC/qjsHt2cVl1Fwl3ueIRDiUBuEWuOWKjjyS6TlzuIJjh02dmtJ/ZBjqlprOaCKArLtItg==",
        "dependencies": {
          "FastIDs.TypeId": "1.2.1"
        }
      },
      "FluentValidation": {
        "type": "Direct",
        "requested": "[12.1.1, )",
        "resolved": "12.1.1",
        "contentHash": "EPpkIe1yh1a0OXyC100oOA8WMbZvqUu5plwhvYcb7oSELfyUZzfxV48BLhvs3kKo4NwG7MGLNgy1RJiYtT8Dpw=="
      },
      "FluentValidation.DependencyInjectionExtensions": {
        "type": "Direct",
        "requested": "[12.1.1, )",
        "resolved": "12.1.1",
        "contentHash": "D0VXh4dtjjX2aQizuaa0g6R8X3U1JaVqJPfGCvLwZX9t/O2h7tkpbitbadQMfwcgSPdDbI2vDxuwRMv/Uf9dHA==",
        "dependencies": {
          "FluentValidation": "12.1.1"
        }
      },
      "Humanizer": {
        "type": "Direct",
        "requested": "[2.14.1, )",
        "resolved": "2.14.1",
        "contentHash": "/FUTD3cEceAAmJSCPN9+J+VhGwmL/C12jvwlyM1DFXShEMsBzvLzLqSrJ2rb+k/W2znKw7JyflZgZpyE+tI7lA==",
        "dependencies": {
          "Humanizer.Core.af": "2.14.1",
          "Humanizer.Core.ar": "2.14.1",
          "Humanizer.Core.az": "2.14.1",
          "Humanizer.Core.bg": "2.14.1",
          "Humanizer.Core.bn-BD": "2.14.1",
          "Humanizer.Core.cs": "2.14.1",
          "Humanizer.Core.da": "2.14.1",
          "Humanizer.Core.de": "2.14.1",
          "Humanizer.Core.el": "2.14.1",
          "Humanizer.Core.es": "2.14.1",
          "Humanizer.Core.fa": "2.14.1",
          "Humanizer.Core.fi-FI": "2.14.1",
          "Humanizer.Core.fr": "2.14.1",
          "Humanizer.Core.fr-BE": "2.14.1",
          "Humanizer.Core.he": "2.14.1",
          "Humanizer.Core.hr": "2.14.1",
          "Humanizer.Core.hu": "2.14.1",
          "Humanizer.Core.hy": "2.14.1",
          "Humanizer.Core.id": "2.14.1",
          "Humanizer.Core.is": "2.14.1",
          "Humanizer.Core.it": "2.14.1",
          "Humanizer.Core.ja": "2.14.1",
          "Humanizer.Core.ko-KR": "2.14.1",
          "Humanizer.Core.ku": "2.14.1",
          "Humanizer.Core.lv": "2.14.1",
          "Humanizer.Core.ms-MY": "2.14.1",
          "Humanizer.Core.mt": "2.14.1",
          "Humanizer.Core.nb": "2.14.1",
          "Humanizer.Core.nb-NO": "2.14.1",
          "Humanizer.Core.nl": "2.14.1",
          "Humanizer.Core.pl": "2.14.1",
          "Humanizer.Core.pt": "2.14.1",
          "Humanizer.Core.ro": "2.14.1",
          "Humanizer.Core.ru": "2.14.1",
          "Humanizer.Core.sk": "2.14.1",
          "Humanizer.Core.sl": "2.14.1",
          "Humanizer.Core.sr": "2.14.1",
          "Humanizer.Core.sr-Latn": "2.14.1",
          "Humanizer.Core.sv": "2.14.1",
          "Humanizer.Core.th-TH": "2.14.1",
          "Humanizer.Core.tr": "2.14.1",
          "Humanizer.Core.uk": "2.14.1",
          "Humanizer.Core.uz-Cyrl-UZ": "2.14.1",
          "Humanizer.Core.uz-Latn-UZ": "2.14.1",
          "Humanizer.Core.vi": "2.14.1",
          "Humanizer.Core.zh-CN": "2.14.1",
          "Humanizer.Core.zh-Hans": "2.14.1",
          "Humanizer.Core.zh-Hant": "2.14.1"
        }
      },
      "JetBrains.Annotations": {
        "type": "Direct",
        "requested": "[2025.2.0, )",
        "resolved": "2025.2.0",
        "contentHash": "2BvMkOSW+50EbQFhWFIPWTqmcDLiyyjwkMN7lN386bhP2vN/7ts5t59qu11HtenmHFxqDzaD8J1fFoh+QTOzVA=="
      },
      "Microsoft.AspNetCore.JsonPatch": {
        "type": "Direct",
        "requested": "[10.0.2, )",
        "resolved": "10.0.2",
        "contentHash": "AxRcJMoHvJ4NDVKiOas5Itd+uGhYcbkSqdtIWS49IQyJSwZuU4M9QCDt8anU3o4Dv5iDpkaLNWVmovH3x3E2ag==",
        "dependencies": {
          "Newtonsoft.Json": "13.0.3"
        }
      },
      "Microsoft.EntityFrameworkCore": {
        "type": "Direct",
        "requested": "[10.0.3, )",
        "resolved": "10.0.3",
        "contentHash": "CDEImwD4A7BseABJMCpLZnhfFjmPY/bHwhhS70elc6gLI/bYUEOhxWt7PmaNGYGhIEzOnStlCy5QcVb+8dod5Q==",
        "dependencies": {
          "Microsoft.EntityFrameworkCore.Abstractions": "10.0.3",
          "Microsoft.EntityFrameworkCore.Analyzers": "10.0.3"
        }
      },
      "Microsoft.EntityFrameworkCore.Analyzers": {
        "type": "Direct",
        "requested": "[10.0.3, )",
        "resolved": "10.0.3",
        "contentHash": "lVABgJTyTUNE7Bi0bSu4dWHiCHIXEGzTh/kLh0N07IgU/tIKwTeBPp8tgV4x2iKj4h7iPLo8oXzyHmLDGtAE1g=="
      },
      "Microsoft.Extensions.Diagnostics.HealthChecks": {
        "type": "Direct",
        "requested": "[10.0.2, )",
        "resolved": "10.0.2",
        "contentHash": "PRqTKCjP5RVko1DdD5SJHaakVO5mljJUTIwQtDusIWlokvFFigxKOejc+vvcp+jJQgzkNJClXbgYhJCpncW60w=="
      },
      "Newtonsoft.Json": {
        "type": "Direct",
        "requested": "[13.0.3, )",
        "resolved": "13.0.3",
        "contentHash": "HrC5BXdl00IP9zeV+0Z848QWPAoCr9P3bDEZguI+gkLcBKAOxix/tLEAAHC+UvDNPv4a2d18lOReHMOagPa+zQ=="
      },
      "NodaTime": {
        "type": "Direct",
        "requested": "[3.3.0, )",
        "resolved": "3.3.0",
        "contentHash": "zmUEQPp9yXyGAqWSBhxfwdDhRh4EV04lvYn4P5bUb6dTz1m5AXTYaeSLQ447YLPI2Ge5VGFj20G2DWg5gtiXZg=="
      },
      "NodaTime.Serialization.SystemTextJson": {
        "type": "Direct",
        "requested": "[1.3.0, )",
        "resolved": "1.3.0",
        "contentHash": "Zf9sdKrfcId0rvZLOB7Yncy/cfCv20TdQ84IKE6CkcWW33u1wsRvmYUbfaP5MYUm+9vp9Yoi3G2vN1/9nZ/JCA==",
        "dependencies": {
          "NodaTime": "[3.0.0, 4.0.0)"
        }
      },
      "Npgsql": {
        "type": "Direct",
        "requested": "[10.0.1, )",
        "resolved": "10.0.1",
        "contentHash": "XyUcxEfqlFomhNTG/ZdGlec+uSOQArKz0Mzz8jYKP/Jj9GM2YabU5CVZtp0yiC4f9hRp+tRZTnHMatJeJ3rwgw=="
      },
      "Npgsql.DependencyInjection": {
        "type": "Direct",
        "requested": "[10.0.1, )",
        "resolved": "10.0.1",
        "contentHash": "YHFa4vD27sNIfv6s5q8Zi1fLvKfmK1xcpMv0PUvXOxDFbRmuMRSHwpZTbPvsAlj97q1/o7DfyynLqfqrCm1VnA==",
        "dependencies": {
          "Npgsql": "10.0.1"
        }
      },
      "Npgsql.EntityFrameworkCore.PostgreSQL": {
        "type": "Direct",
        "requested": "[10.0.0, )",
        "resolved": "10.0.0",
        "contentHash": "E2+uSWxSB8LdsUVwPaqRWOcGOP92biry2JEwc0KJMdLJF+aZdczeIdEXVwEyv4nSVMQJH0o8tLhyAMiR6VF0lw==",
        "dependencies": {
          "Microsoft.EntityFrameworkCore": "[10.0.0, 11.0.0)",
          "Microsoft.EntityFrameworkCore.Relational": "[10.0.0, 11.0.0)",
          "Npgsql": "10.0.0"
        }
      },
      "Npgsql.EntityFrameworkCore.PostgreSQL.NodaTime": {
        "type": "Direct",
        "requested": "[10.0.0, )",
        "resolved": "10.0.0",
        "contentHash": "rOdtaU3eIJPP+qheKV1JqEy2WuJYuukr+rFVIH6xefcyJ9kGTTw/o7xGLOQMLbbfQBmiWjFv4lDxHSv79g0Fqg==",
        "dependencies": {
          "Npgsql.EntityFrameworkCore.PostgreSQL": "10.0.0",
          "Npgsql.NodaTime": "10.0.0"
        }
      },
      "Npgsql.NodaTime": {
        "type": "Direct",
        "requested": "[10.0.1, )",
        "resolved": "10.0.1",
        "contentHash": "BGp2QsgAuMIZ2o2Od5sk9NkDB9EVMLcphVgr4s3wbh1S+ZvMXXY4RiyNTcHEhCvk42vyrcrUKEl3iNwNggy9vA==",
        "dependencies": {
          "NodaTime": "3.2.2",
          "Npgsql": "10.0.1"
        }
      },
      "Npgsql.OpenTelemetry": {
        "type": "Direct",
        "requested": "[10.0.1, )",
        "resolved": "10.0.1",
        "contentHash": "G9fEIBaHggZXWfDSDnKLc0XwKcbuU6i2eXp7zDqpgYxbhCmIN9fRgaSOGyyMNHSo/yY1IB4G4CjW5VO/SKRR0g==",
        "dependencies": {
          "Npgsql": "10.0.1",
          "OpenTelemetry.API": "1.14.0"
        }
      },
      "OpenTelemetry": {
        "type": "Direct",
        "requested": "[1.15.0, )",
        "resolved": "1.15.0",
        "contentHash": "7mS/oZFF8S6xyqGQfMU1btp0nXJQUPWV535Vp/XMLYwRAUv36xQN+U4vufWBF1+z4HnRTOwuFHtUSGnHbyN6FQ==",
        "dependencies": {
          "OpenTelemetry.Api.ProviderBuilderExtensions": "1.15.0"
        }
      },
      "OpenTelemetry.Exporter.OpenTelemetryProtocol": {
        "type": "Direct",
        "requested": "[1.15.0, )",
        "resolved": "1.15.0",
        "contentHash": "VH8ANc/js9IRvfYt0Q2UaAxNCOWm+IU+vWrtoH7pfx4oWPVdISUt+9uWfBCFMWZg5WzQip5dhslyDjeyZXXfSQ==",
        "dependencies": {
          "OpenTelemetry": "1.15.0"
        }
      },
      "OpenTelemetry.Extensions.Hosting": {
        "type": "Direct",
        "requested": "[1.15.0, )",
        "resolved": "1.15.0",
        "contentHash": "RixjKyB1pbYGhWdvPto4KJs+exdQknJsnjUO9WszdLles5Vcd0EYzxPNJdwmLjYfP+Jfbr4B5nktM4ZgeHSWtg==",
        "dependencies": {
          "OpenTelemetry": "1.15.0"
        }
      },
      "OpenTelemetry.Instrumentation.AspNetCore": {
        "type": "Direct",
        "requested": "[1.15.0, )",
        "resolved": "1.15.0",
        "contentHash": "mte1nRYefxjed2syXgVWq3UCfMKO7MkebvTZmf0O1aLgVgCktLsVjQ6mftyjIbWGBBCHN0wg+Glxj8BSFS70pQ==",
        "dependencies": {
          "OpenTelemetry.Api.ProviderBuilderExtensions": "[1.15.0, 2.0.0)"
        }
      },
      "OpenTelemetry.Instrumentation.Http": {
        "type": "Direct",
        "requested": "[1.15.0, )",
        "resolved": "1.15.0",
        "contentHash": "uToc7bUp8IEdb0ny9mKsL6FrrYelINPzxxiSShJgOf4XmQc4Azww6S5RjRj24YhsOn2a1MABOrxfVTZXtDk4Eg==",
        "dependencies": {
          "OpenTelemetry.Api.ProviderBuilderExtensions": "[1.15.0, 2.0.0)"
        }
      },
      "OpenTelemetry.Instrumentation.Process": {
        "type": "Direct",
        "requested": "[1.15.0-beta.1, )",
        "resolved": "1.15.0-beta.1",
        "contentHash": "99zSvpwsMpKextd3RkHGY8iRsmw1qg3PjqkjC5hZI0fZG6m+wPsssrX6z9RhwDGcZ8sdGNjoKyLpNOmR154zQg==",
        "dependencies": {
          "OpenTelemetry.Api": "[1.15.0, 2.0.0)"
        }
      },
      "OpenTelemetry.Instrumentation.Runtime": {
        "type": "Direct",
        "requested": "[1.15.0, )",
        "resolved": "1.15.0",
        "contentHash": "OOvpqR/j2Pb6+tWhHNODIbSJ53Or/MDtTiXEyrsWI02K2lLAgvBFcxUOrHggS/8015cYR3AdSaXv6NZrkz5yQA==",
        "dependencies": {
          "OpenTelemetry.Api": "[1.15.0, 2.0.0)"
        }
      },
      "Roslynator.Analyzers": {
        "type": "Direct",
        "requested": "[4.14.0, )",
        "resolved": "4.14.0",
        "contentHash": "AEWQMrb1rcmjv9FGzrwYSBb4INhDhsauS+wwTumG0wq8N1Il+CIQHqUZJ7bt0zYJEA1qXSqgpg8Fgwc88WrR/Q=="
      },
      "Serilog": {
        "type": "Direct",
        "requested": "[4.3.1, )",
        "resolved": "4.3.1",
        "contentHash": "savYe7h5yRlkqBVOwP8cIRDOdqKiPmYCU4W87JH38sBmcKD5EBoXvQIw6bNEvZ/pTe1gsiye3VFCzBsoppGkXQ=="
      },
      "Serilog.AspNetCore": {
        "type": "Direct",
        "requested": "[10.0.0, )",
        "resolved": "10.0.0",
        "contentHash": "a/cNa1mY4On1oJlfGG1wAvxjp5g7OEzk/Jf/nm7NF9cWoE7KlZw1GldrifUBWm9oKibHkR7Lg/l5jy3y7ACR8w==",
        "dependencies": {
          "Serilog": "4.3.0",
          "Serilog.Extensions.Hosting": "10.0.0",
          "Serilog.Formatting.Compact": "3.0.0",
          "Serilog.Settings.Configuration": "10.0.0",
          "Serilog.Sinks.Console": "6.1.1",
          "Serilog.Sinks.Debug": "3.0.0",
          "Serilog.Sinks.File": "7.0.0"
        }
      },
      "Serilog.Exceptions": {
        "type": "Direct",
        "requested": "[8.4.0, )",
        "resolved": "8.4.0",
        "contentHash": "nc/+hUw3lsdo0zCj0KMIybAu7perMx79vu72w0za9Nsi6mWyNkGXxYxakAjWB7nEmYL6zdmhEQRB4oJ2ALUeug==",
        "dependencies": {
          "Serilog": "2.8.0",
          "System.Reflection.TypeExtensions": "4.7.0"
        }
      },
      "Serilog.Expressions": {
        "type": "Direct",
        "requested": "[5.0.0, )",
        "resolved": "5.0.0",
        "contentHash": "QhZjXtUcA2QfQRA60m+DfyIfidKsQV7HBstbYEDqzJKMbJH/KnKthkkjciRuYrmFE+scWv1JibC5LlXrdtOUmw==",
        "dependencies": {
          "Serilog": "4.0.0"
        }
      },
      "Serilog.Sinks.Console": {
        "type": "Direct",
        "requested": "[6.1.1, )",
        "resolved": "6.1.1",
        "contentHash": "8jbqgjUyZlfCuSTaJk6lOca465OndqOz3KZP6Cryt/IqZYybyBu7GP0fE/AXBzrrQB3EBmQntBFAvMVz1COvAA==",
        "dependencies": {
          "Serilog": "4.0.0"
        }
      },
      "Serilog.Sinks.File": {
        "type": "Direct",
        "requested": "[7.0.0, )",
        "resolved": "7.0.0",
        "contentHash": "fKL7mXv7qaiNBUC71ssvn/dU0k9t0o45+qm2XgKAlSt19xF+ijjxyA3R6HmCgfKEKwfcfkwWjayuQtRueZFkYw==",
        "dependencies": {
          "Serilog": "4.2.0"
        }
      },
      "Serilog.Sinks.OpenTelemetry": {
        "type": "Direct",
        "requested": "[4.2.0, )",
        "resolved": "4.2.0",
        "contentHash": "PzMCyE5G19tjr5IZEi5qg+4UU5QrxBEoBEMu/hhYybTrGKXqUDiSGWKZNUDBgelaVKqLADlsmlJVyKce5SyPrg==",
        "dependencies": {
          "Google.Protobuf": "3.30.1",
          "Grpc.Net.Client": "2.70.0",
          "Serilog": "4.2.0"
        }
      },
      "SonarAnalyzer.CSharp": {
        "type": "Direct",
        "requested": "[10.15.0.120848, )",
        "resolved": "10.15.0.120848",
        "contentHash": "1hM3HVRl5jdC/ZBDu+G7CCYLXRGe/QaP01Zy+c9ETPhY7lWD8g8HiefY6sGaH0T3CJ4wAy0/waGgQTh0TYy0oQ=="
      },
      "Sqids": {
        "type": "Direct",
        "requested": "[3.1.0, )",
        "resolved": "3.1.0",
        "contentHash": "Fi3/WN1s/bszAIX888hcSKYnDfdPuJD4TijskGmOxGRnA2hvngWb9IbBJPizxaOi7VpD0Nn8NHJh7i1ks/OyPw=="
      },
      "UUIDNext": {
        "type": "Direct",
        "requested": "[4.2.0, )",
        "resolved": "4.2.0",
        "contentHash": "1gev4skcDdEaz80oZKY19nZ+yvqbXvOZG/FaDMMk4GsXLb2HiAiTsWitEAU1DX4mdsK3lAFhiIJgds8/PpFAmA=="
      },
      "Asp.Versioning.Abstractions": {
        "type": "Transitive",
        "resolved": "8.1.0",
        "contentHash": "mpeNZyMdvrHztJwR1sXIUQ+3iioEU97YMBnFA9WLbsPOYhGwDJnqJMmEd8ny7kcmS9OjTHoEuX/bSXXY3brIFA=="
      },
      "Asp.Versioning.Http": {
        "type": "Transitive",
        "resolved": "8.1.1",
        "contentHash": "1D/Mzq1MSUSQe1eCY6GeEsu+tIlpzoWZxZkhlcw/uvtVoTrwO+BMl0fSj/XX8oZN1DutWTZqHDHgyDRq+IeSdQ==",
        "dependencies": {
          "Asp.Versioning.Abstractions": "8.1.0"
        }
      },
      "Asp.Versioning.Mvc": {
        "type": "Transitive",
        "resolved": "8.1.1",
        "contentHash": "mkJv6eAdlbHbqTdrUcfEYFoZuGL6HoR7O+Lfsvivixp7N5BNhfCFPPOwsBzdIiH1qzdJXyJf+C+DZ08j27PMPg==",
        "dependencies": {
          "Asp.Versioning.Http": "8.1.1"
        }
      },
      "Asp.Versioning.Mvc.ApiExplorer": {
        "type": "Transitive",
        "resolved": "8.1.1",
        "contentHash": "u8PrP6CjmurgIh0EDfg8Gc/GdpDHgkbv8OLKdxQcWb5W4sp0i9BcdbQlLvRcATjNIJUyr7ZmqXjmdsFfqnuy0g==",
        "dependencies": {
          "Asp.Versioning.Mvc": "8.1.1"
        }
      },
      "dbup-core": {
        "type": "Transitive",
        "resolved": "6.0.15",
        "contentHash": "w0eaoyVitzgBiHTILEnj23smrbrxZ1nLF7K8uOyG6rvrctRtC0NTuSYHoB/3aq+B9hi9E/DiW9pOtNto5V9P3g=="
      },
      "FastEndpoints.Attributes": {
        "type": "Transitive",
        "resolved": "7.2.0",
        "contentHash": "gn6/JW0QaSANrcUXDfexW8y3bDT/dYWk0sxvvgJWoRTR1WIyipkLE9AIWdBeVsVbVQP9gZWKgVzRMMm86Zq9HA=="
      },
      "FastEndpoints.Core": {
        "type": "Transitive",
        "resolved": "7.2.0",
        "contentHash": "nvclrOvmtyhR2WggtuuqI5aj4ICaMOOBx/buPlUqJ1S8OV5hgHr5SEEKfA9eRihiFJ3LGMcyxTd2+YWtFaeZAA=="
      },
      "FastEndpoints.JobQueues": {
        "type": "Transitive",
        "resolved": "7.2.0",
        "contentHash": "IC6EA/pBMRoXl5EQZrzZfXk6gyzxE6tBipQ8r+kkRuIXQX6LScvlL34gNs0kjXHO1+BS85/gwatDpvD6T5uNDw==",
        "dependencies": {
          "FastEndpoints.Messaging": "7.2.0"
        }
      },
      "FastEndpoints.Messaging": {
        "type": "Transitive",
        "resolved": "7.2.0",
        "contentHash": "29i3GfBpQ2VJA9XRb+k2IRIWRaxsxeDrVBgL78Gq8t3BMjq/QNBdN2P83uJfV0kJGfV813SviDbPo3gk+OW8MQ==",
        "dependencies": {
          "FastEndpoints.Core": "7.2.0",
          "FastEndpoints.Messaging.Core": "7.2.0"
        }
      },
      "FastEndpoints.Messaging.Core": {
        "type": "Transitive",
        "resolved": "7.2.0",
        "contentHash": "uRbFy6dmVie3wwlOjgrrE6lu5+U1SXmo8kwsr3Xzv/WnHrDw4vXFiqb8FmuS9q9jMGDn2UoYii5H0jC9g1RWDg=="
      },
      "Google.Protobuf": {
        "type": "Transitive",
        "resolved": "3.30.1",
        "contentHash": "HeWXDQBabQn/sCGicbeLJ0HMunknfC4FdLrOQOsaMJHcpqx3HVIpyyJqTrqJlWnza870twhOb+rBcaTiC/TlNA=="
      },
      "Grpc.Core.Api": {
        "type": "Transitive",
        "resolved": "2.70.0",
        "contentHash": "66UotvWcSIq41oiQhLWcQACyKPM4umxXNiht5DQTLZJfNwEswWOcS7Z0xIEHyNIBE7ZpjotH22bEjTkvhPxmVw=="
      },
      "Grpc.Net.Client": {
        "type": "Transitive",
        "resolved": "2.70.0",
        "contentHash": "xNv0FFCVJa5S1beUtye82WFCxKThuE1jbN8DO1x1Rj8VSIWXLBUmfSID5a1fGzsU2R/EMfwPoWclJ2RMfQuGXw==",
        "dependencies": {
          "Grpc.Net.Common": "2.70.0"
        }
      },
      "Grpc.Net.Common": {
        "type": "Transitive",
        "resolved": "2.70.0",
        "contentHash": "rBdEUMyCwa+iB8mqC6JKyPbj3SBHHkReJj/yy/XKJI63GcG6w9DJMMGTVcYHqq4Ci2W4m0HT4jt2pFfFscar8g==",
        "dependencies": {
          "Grpc.Core.Api": "2.70.0"
        }
      },
      "Humanizer.Core": {
        "type": "Transitive",
        "resolved": "2.14.1",
        "contentHash": "lQKvtaTDOXnoVJ20ibTuSIOf2i0uO0MPbDhd1jm238I+U/2ZnRENj0cktKZhtchBMtCUSRQ5v4xBCUbKNmyVMw=="
      },
      "Humanizer.Core.af": {
        "type": "Transitive",
        "resolved": "2.14.1",
        "contentHash": "BoQHyu5le+xxKOw+/AUM7CLXneM/Bh3++0qh1u0+D95n6f9eGt9kNc8LcAHLIOwId7Sd5hiAaaav0Nimj3peNw==",
        "dependencies": {
          "Humanizer.Core": "[2.14.1]"
        }
      },
      "Humanizer.Core.ar": {
        "type": "Transitive",
        "resolved": "2.14.1",
        "contentHash": "3d1V10LDtmqg5bZjWkA/EkmGFeSfNBcyCH+TiHcHP+HGQQmRq3eBaLcLnOJbVQVn3Z6Ak8GOte4RX4kVCxQlFA==",
        "dependencies": {
          "Humanizer.Core": "[2.14.1]"
        }
      },
      "Humanizer.Core.az": {
        "type": "Transitive",
        "resolved": "2.14.1",
        "contentHash": "8Z/tp9PdHr/K2Stve2Qs/7uqWPWLUK9D8sOZDNzyv42e20bSoJkHFn7SFoxhmaoVLJwku2jp6P7HuwrfkrP18Q==",
        "dependencies": {
          "Humanizer.Core": "[2.14.1]"
        }
      },
      "Humanizer.Core.bg": {
        "type": "Transitive",
        "resolved": "2.14.1",
        "contentHash": "S+hIEHicrOcbV2TBtyoPp1AVIGsBzlarOGThhQYCnP6QzEYo/5imtok6LMmhZeTnBFoKhM8yJqRfvJ5yqVQKSQ==",
        "dependencies": {
          "Humanizer.Core": "[2.14.1]"
        }
      },
      "Humanizer.Core.bn-BD": {
        "type": "Transitive",
        "resolved": "2.14.1",
        "contentHash": "U3bfj90tnUDRKlL1ZFlzhCHoVgpTcqUlTQxjvGCaFKb+734TTu3nkHUWVZltA1E/swTvimo/aXLtkxnLFrc0EQ==",
        "dependencies": {
          "Humanizer.Core": "[2.14.1]"
        }
      },
      "Humanizer.Core.cs": {
        "type": "Transitive",
        "resolved": "2.14.1",
        "contentHash": "jWrQkiCTy3L2u1T86cFkgijX6k7hoB0pdcFMWYaSZnm6rvG/XJE40tfhYyKhYYgIc1x9P2GO5AC7xXvFnFdqMQ==",
        "dependencies": {
          "Humanizer.Core": "[2.14.1]"
        }
      },
      "Humanizer.Core.da": {
        "type": "Transitive",
        "resolved": "2.14.1",
        "contentHash": "5o0rJyE/2wWUUphC79rgYDnif/21MKTTx9LIzRVz9cjCIVFrJ2bDyR2gapvI9D6fjoyvD1NAfkN18SHBsO8S9g==",
        "dependencies": {
          "Humanizer.Core": "[2.14.1]"
        }
      },
      "Humanizer.Core.de": {
        "type": "Transitive",
        "resolved": "2.14.1",
        "contentHash": "9JD/p+rqjb8f5RdZ3aEJqbjMYkbk4VFii2QDnnOdNo6ywEfg/A5YeOQ55CaBJmy7KvV4tOK4+qHJnX/tg3Z54A==",
        "dependencies": {
          "Humanizer.Core": "[2.14.1]"
        }
      },
      "Humanizer.Core.el": {
        "type": "Transitive",
        "resolved": "2.14.1",
        "contentHash": "Xmv6sTL5mqjOWGGpqY7bvbfK5RngaUHSa8fYDGSLyxY9mGdNbDcasnRnMOvi0SxJS9gAqBCn21Xi90n2SHZbFA==",
        "dependencies": {
          "Humanizer.Core": "[2.14.1]"
        }
      },
      "Humanizer.Core.es": {
        "type": "Transitive",
        "resolved": "2.14.1",
        "contentHash": "e//OIAeMB7pjBV1HqqI4pM2Bcw3Jwgpyz9G5Fi4c+RJvhqFwztoWxW57PzTnNJE2lbhGGLQZihFZjsbTUsbczA==",
        "dependencies": {
          "Humanizer.Core": "[2.14.1]"
        }
      },
      "Humanizer.Core.fa": {
        "type": "Transitive",
        "resolved": "2.14.1",
        "contentHash": "nzDOj1x0NgjXMjsQxrET21t1FbdoRYujzbmZoR8u8ou5CBWY1UNca0j6n/PEJR/iUbt4IxstpszRy41wL/BrpA==",
        "dependencies": {
          "Humanizer.Core": "[2.14.1]"
        }
      },
      "Humanizer.Core.fi-FI": {
        "type": "Transitive",
        "resolved": "2.14.1",
        "contentHash": "Vnxxx4LUhp3AzowYi6lZLAA9Lh8UqkdwRh4IE2qDXiVpbo08rSbokATaEzFS+o+/jCNZBmoyyyph3vgmcSzhhQ==",
        "dependencies": {
          "Humanizer.Core": "[2.14.1]"
        }
      },
      "Humanizer.Core.fr": {
        "type": "Transitive",
        "resolved": "2.14.1",
        "contentHash": "2p4g0BYNzFS3u9SOIDByp2VClYKO0K1ecDV4BkB9EYdEPWfFODYnF+8CH8LpUrpxL2TuWo2fiFx/4Jcmrnkbpg==",
        "dependencies": {
          "Humanizer.Core": "[2.14.1]"
        }
      },
      "Humanizer.Core.fr-BE": {
        "type": "Transitive",
        "resolved": "2.14.1",
        "contentHash": "o6R3SerxCRn5Ij8nCihDNMGXlaJ/1AqefteAssgmU2qXYlSAGdhxmnrQAXZUDlE4YWt/XQ6VkNLtH7oMqsSPFQ==",
        "dependencies": {
          "Humanizer.Core": "[2.14.1]"
        }
      },
      "Humanizer.Core.he": {
        "type": "Transitive",
        "resolved": "2.14.1",
        "contentHash": "FPsAhy7Iw6hb+ZitLgYC26xNcgGAHXb0V823yFAzcyoL5ozM+DCJtYfDPYiOpsJhEZmKFTM9No0jUn1M89WGvg==",
        "dependencies": {
          "Humanizer.Core": "[2.14.1]"
        }
      },
      "Humanizer.Core.hr": {
        "type": "Transitive",
        "resolved": "2.14.1",
        "contentHash": "chnaD89yOlST142AMkAKLuzRcV5df3yyhDyRU5rypDiqrq2HN8y1UR3h1IicEAEtXLoOEQyjSAkAQ6QuXkn7aw==",
        "dependencies": {
          "Humanizer.Core": "[2.14.1]"
        }
      },
      "Humanizer.Core.hu": {
        "type": "Transitive",
        "resolved": "2.14.1",
        "contentHash": "hAfnaoF9LTGU/CmFdbnvugN4tIs8ppevVMe3e5bD24+tuKsggMc5hYta9aiydI8JH9JnuVmxvNI4DJee1tK05A==",
        "dependencies": {
          "Humanizer.Core": "[2.14.1]"
        }
      },
      "Humanizer.Core.hy": {
        "type": "Transitive",
        "resolved": "2.14.1",
        "contentHash": "sVIKxOiSBUb4gStRHo9XwwAg9w7TNvAXbjy176gyTtaTiZkcjr9aCPziUlYAF07oNz6SdwdC2mwJBGgvZ0Sl2g==",
        "dependencies": {
          "Humanizer.Core": "[2.14.1]"
        }
      },
      "Humanizer.Core.id": {
        "type": "Transitive",
        "resolved": "2.14.1",
        "contentHash": "4Zl3GTvk3a49Ia/WDNQ97eCupjjQRs2iCIZEQdmkiqyaLWttfb+cYXDMGthP42nufUL0SRsvBctN67oSpnXtsg==",
        "dependencies": {
          "Humanizer.Core": "[2.14.1]"
        }
      },
      "Humanizer.Core.is": {
        "type": "Transitive",
        "resolved": "2.14.1",
        "contentHash": "R67A9j/nNgcWzU7gZy1AJ07ABSLvogRbqOWvfRDn4q6hNdbg/mjGjZBp4qCTPnB2mHQQTCKo3oeCUayBCNIBCw==",
        "dependencies": {
          "Humanizer.Core": "[2.14.1]"
        }
      },
      "Humanizer.Core.it": {
        "type": "Transitive",
        "resolved": "2.14.1",
        "contentHash": "jYxGeN4XIKHVND02FZ+Woir3CUTyBhLsqxu9iqR/9BISArkMf1Px6i5pRZnvq4fc5Zn1qw71GKKoCaHDJBsLFw==",
        "dependencies": {
          "Humanizer.Core": "[2.14.1]"
        }
      },
      "Humanizer.Core.ja": {
        "type": "Transitive",
        "resolved": "2.14.1",
        "contentHash": "TM3ablFNoYx4cYJybmRgpDioHpiKSD7q0QtMrmpsqwtiiEsdW5zz/q4PolwAczFnvrKpN6nBXdjnPPKVet93ng==",
        "dependencies": {
          "Humanizer.Core": "[2.14.1]"
        }
      },
      "Humanizer.Core.ko-KR": {
        "type": "Transitive",
        "resolved": "2.14.1",
        "contentHash": "CtvwvK941k/U0r8PGdEuBEMdW6jv/rBiA9tUhakC7Zd2rA/HCnDcbr1DiNZ+/tRshnhzxy/qwmpY8h4qcAYCtQ==",
        "dependencies": {
          "Humanizer.Core": "[2.14.1]"
        }
      },
      "Humanizer.Core.ku": {
        "type": "Transitive",
        "resolved": "2.14.1",
        "contentHash": "vHmzXcVMe+LNrF9txpdHzpG7XJX65SiN9GQd/Zkt6gsGIIEeECHrkwCN5Jnlkddw2M/b0HS4SNxdR1GrSn7uCA==",
        "dependencies": {
          "Humanizer.Core": "[2.14.1]"
        }
      },
      "Humanizer.Core.lv": {
        "type": "Transitive",
        "resolved": "2.14.1",
        "contentHash": "E1/KUVnYBS1bdOTMNDD7LV/jdoZv/fbWTLPtvwdMtSdqLyRTllv6PGM9xVQoFDYlpvVGtEl/09glCojPHw8ffA==",
        "dependencies": {
          "Humanizer.Core": "[2.14.1]"
        }
      },
      "Humanizer.Core.ms-MY": {
        "type": "Transitive",
        "resolved": "2.14.1",
        "contentHash": "vX8oq9HnYmAF7bek4aGgGFJficHDRTLgp/EOiPv9mBZq0i4SA96qVMYSjJ2YTaxs7Eljqit7pfpE2nmBhY5Fnw==",
        "dependencies": {
          "Humanizer.Core": "[2.14.1]"
        }
      },
      "Humanizer.Core.mt": {
        "type": "Transitive",
        "resolved": "2.14.1",
        "contentHash": "pEgTBzUI9hzemF7xrIZigl44LidTUhNu4x/P6M9sAwZjkUF0mMkbpxKkaasOql7lLafKrnszs0xFfaxQyzeuZQ==",
        "dependencies": {
          "Humanizer.Core": "[2.14.1]"
        }
      },
      "Humanizer.Core.nb": {
        "type": "Transitive",
        "resolved": "2.14.1",
        "contentHash": "mbs3m6JJq53ssLqVPxNfqSdTxAcZN3njlG8yhJVx83XVedpTe1ECK9aCa8FKVOXv93Gl+yRHF82Hw9T9LWv2hw==",
        "dependencies": {
          "Humanizer.Core": "[2.14.1]"
        }
      },
      "Humanizer.Core.nb-NO": {
        "type": "Transitive",
        "resolved": "2.14.1",
        "contentHash": "AsJxrrVYmIMbKDGe8W6Z6//wKv9dhWH7RsTcEHSr4tQt/80pcNvLi0hgD3fqfTtg0tWKtgch2cLf4prorEV+5A==",
        "dependencies": {
          "Humanizer.Core": "[2.14.1]"
        }
      },
      "Humanizer.Core.nl": {
        "type": "Transitive",
        "resolved": "2.14.1",
        "contentHash": "24b0OUdzJxfoqiHPCtYnR5Y4l/s4Oh7KW7uDp+qX25NMAHLCGog2eRfA7p2kRJp8LvnynwwQxm2p534V9m55wQ==",
        "dependencies": {
          "Humanizer.Core": "[2.14.1]"
        }
      },
      "Humanizer.Core.pl": {
        "type": "Transitive",
        "resolved": "2.14.1",
        "contentHash": "17mJNYaBssENVZyQHduiq+bvdXS0nhZJGEXtPKoMhKv3GD//WO0mEfd9wjEBsWCSmWI7bjRqhCidxzN+YtJmsg==",
        "dependencies": {
          "Humanizer.Core": "[2.14.1]"
        }
      },
      "Humanizer.Core.pt": {
        "type": "Transitive",
        "resolved": "2.14.1",
        "contentHash": "8HB8qavcVp2la1GJX6t+G9nDYtylPKzyhxr9LAooIei9MnQvNsjEiIE4QvHoeDZ4weuQ9CsPg1c211XUMVEZ4A==",
        "dependencies": {
          "Humanizer.Core": "[2.14.1]"
        }
      },
      "Humanizer.Core.ro": {
        "type": "Transitive",
        "resolved": "2.14.1",
        "contentHash": "psXNOcA6R8fSHoQYhpBTtTTYiOk8OBoN3PKCEDgsJKIyeY5xuK81IBdGi77qGZMu/OwBRQjQCBMtPJb0f4O1+A==",
        "dependencies": {
          "Humanizer.Core": "[2.14.1]"
        }
      },
      "Humanizer.Core.ru": {
        "type": "Transitive",
        "resolved": "2.14.1",
        "contentHash": "zm245xUWrajSN2t9H7BTf84/2APbUkKlUJpcdgsvTdAysr1ag9fi1APu6JEok39RRBXDfNRVZHawQ/U8X0pSvQ==",
        "dependencies": {
          "Humanizer.Core": "[2.14.1]"
        }
      },
      "Humanizer.Core.sk": {
        "type": "Transitive",
        "resolved": "2.14.1",
        "contentHash": "Ncw24Vf3ioRnbU4MsMFHafkyYi8JOnTqvK741GftlQvAbULBoTz2+e7JByOaasqeSi0KfTXeegJO+5Wk1c0Mbw==",
        "dependencies": {
          "Humanizer.Core": "[2.14.1]"
        }
      },
      "Humanizer.Core.sl": {
        "type": "Transitive",
        "resolved": "2.14.1",
        "contentHash": "l8sUy4ciAIbVThWNL0atzTS2HWtv8qJrsGWNlqrEKmPwA4SdKolSqnTes9V89fyZTc2Q43jK8fgzVE2C7t009A==",
        "dependencies": {
          "Humanizer.Core": "[2.14.1]"
        }
      },
      "Humanizer.Core.sr": {
        "type": "Transitive",
        "resolved": "2.14.1",
        "contentHash": "rnNvhpkOrWEymy7R/MiFv7uef8YO5HuXDyvojZ7JpijHWA5dXuVXooCOiA/3E93fYa3pxDuG2OQe4M/olXbQ7w==",
        "dependencies": {
          "Humanizer.Core": "[2.14.1]"
        }
      },
      "Humanizer.Core.sr-Latn": {
        "type": "Transitive",
        "resolved": "2.14.1",
        "contentHash": "nuy/ykpk974F8ItoQMS00kJPr2dFNjOSjgzCwfysbu7+gjqHmbLcYs7G4kshLwdA4AsVncxp99LYeJgoh1JF5g==",
        "dependencies": {
          "Humanizer.Core": "[2.14.1]"
        }
      },
      "Humanizer.Core.sv": {
        "type": "Transitive",
        "resolved": "2.14.1",
        "contentHash": "E53+tpAG0RCp+cSSI7TfBPC+NnsEqUuoSV0sU+rWRXWr9MbRWx1+Zj02XMojqjGzHjjOrBFBBio6m74seFl0AA==",
        "dependencies": {
          "Humanizer.Core": "[2.14.1]"
        }
      },
      "Humanizer.Core.th-TH": {
        "type": "Transitive",
        "resolved": "2.14.1",
        "contentHash": "eSevlJtvs1r4vQarNPfZ2kKDp/xMhuD00tVVzRXkSh1IAZbBJI/x2ydxUOwfK9bEwEp+YjvL1Djx2+kw7ziu7g==",
        "dependencies": {
          "Humanizer.Core": "[2.14.1]"
        }
      },
      "Humanizer.Core.tr": {
        "type": "Transitive",
        "resolved": "2.14.1",
        "contentHash": "rQ8N+o7yFcFqdbtu1mmbrXFi8TQ+uy+fVH9OPI0CI3Cu1om5hUU/GOMC3hXsTCI6d79y4XX+0HbnD7FT5khegA==",
        "dependencies": {
          "Humanizer.Core": "[2.14.1]"
        }
      },
      "Humanizer.Core.uk": {
        "type": "Transitive",
        "resolved": "2.14.1",
        "contentHash": "2uEfujwXKNm6bdpukaLtEJD+04uUtQD65nSGCetA1fYNizItEaIBUboNfr3GzJxSMQotNwGVM3+nSn8jTd0VSg==",
        "dependencies": {
          "Humanizer.Core": "[2.14.1]"
        }
      },
      "Humanizer.Core.uz-Cyrl-UZ": {
        "type": "Transitive",
        "resolved": "2.14.1",
        "contentHash": "TD3ME2sprAvFqk9tkWrvSKx5XxEMlAn1sjk+cYClSWZlIMhQQ2Bp/w0VjX1Kc5oeKjxRAnR7vFcLUFLiZIDk9Q==",
        "dependencies": {
          "Humanizer.Core": "[2.14.1]"
        }
      },
      "Humanizer.Core.uz-Latn-UZ": {
        "type": "Transitive",
        "resolved": "2.14.1",
        "contentHash": "/kHAoF4g0GahnugZiEMpaHlxb+W6jCEbWIdsq9/I1k48ULOsl/J0pxZj93lXC3omGzVF1BTVIeAtv5fW06Phsg==",
        "dependencies": {
          "Humanizer.Core": "[2.14.1]"
        }
      },
      "Humanizer.Core.vi": {
        "type": "Transitive",
        "resolved": "2.14.1",
        "contentHash": "rsQNh9rmHMBtnsUUlJbShMsIMGflZtPmrMM6JNDw20nhsvqfrdcoDD8cMnLAbuSovtc3dP+swRmLQzKmXDTVPA==",
        "dependencies": {
          "Humanizer.Core": "[2.14.1]"
        }
      },
      "Humanizer.Core.zh-CN": {
        "type": "Transitive",
        "resolved": "2.14.1",
        "contentHash": "uH2dWhrgugkCjDmduLdAFO9w1Mo0q07EuvM0QiIZCVm6FMCu/lGv2fpMu4GX+4HLZ6h5T2Pg9FIdDLCPN2a67w==",
        "dependencies": {
          "Humanizer.Core": "[2.14.1]"
        }
      },
      "Humanizer.Core.zh-Hans": {
        "type": "Transitive",
        "resolved": "2.14.1",
        "contentHash": "WH6IhJ8V1UBG7rZXQk3dZUoP2gsi8a0WkL8xL0sN6WGiv695s8nVcmab9tWz20ySQbuzp0UkSxUQFi5jJHIpOQ==",
        "dependencies": {
          "Humanizer.Core": "[2.14.1]"
        }
      },
      "Humanizer.Core.zh-Hant": {
        "type": "Transitive",
        "resolved": "2.14.1",
        "contentHash": "VIXB7HCUC34OoaGnO3HJVtSv2/wljPhjV7eKH4+TFPgQdJj2lvHNKY41Dtg0Bphu7X5UaXFR4zrYYyo+GNOjbA==",
        "dependencies": {
          "Humanizer.Core": "[2.14.1]"
        }
      },
      "Microsoft.AspNetCore.Authentication.JwtBearer": {
        "type": "Transitive",
        "resolved": "10.0.1",
        "contentHash": "lvyUEBVv7V1/UvGxfOV3a0kyaQatPAU+ZHru7xha6WVOpa+7aJtKehbiu9VpAt/G50FR+hUwL4nTY33ijsCXwA==",
        "dependencies": {
          "Microsoft.IdentityModel.Protocols.OpenIdConnect": "8.0.1"
        }
      },
      "Microsoft.EntityFrameworkCore.Abstractions": {
        "type": "Transitive",
        "resolved": "10.0.3",
        "contentHash": "c7Uoz381xnMHNBRB8eHRhGgzUtXbgddlbODhwZRrTSzZWDharp3RkJsFwhxyESbeXhCqmML7VdvjMQ7uu+HreA=="
      },
      "Microsoft.EntityFrameworkCore.Relational": {
        "type": "Transitive",
        "resolved": "10.0.1",
        "contentHash": "8/5kYGwKN6wtc89QqcPTOZDAJSMX8MzKCf5OmYjIfAHWTfsUEpGKYrdtfNk4X36rQ0BiU3n57Y4rbtnerzJN0Q==",
        "dependencies": {
          "Microsoft.EntityFrameworkCore": "10.0.1"
        }
      },
      "Microsoft.Extensions.DependencyModel": {
        "type": "Transitive",
        "resolved": "10.0.0",
        "contentHash": "RFYJR7APio/BiqdQunRq6DB+nDB6nc2qhHr77mlvZ0q0BT8PubMXN7XicmfzCbrDE/dzhBnUKBRXLTcqUiZDGg=="
      },
      "Microsoft.IdentityModel.Abstractions": {
        "type": "Transitive",
        "resolved": "8.0.1",
        "contentHash": "OtlIWcyX01olfdevPKZdIPfBEvbcioDyBiE/Z2lHsopsMD7twcKtlN9kMevHmI5IIPhFpfwCIiR6qHQz1WHUIw=="
      },
      "Microsoft.IdentityModel.JsonWebTokens": {
        "type": "Transitive",
        "resolved": "8.0.1",
        "contentHash": "s6++gF9x0rQApQzOBbSyp4jUaAlwm+DroKfL8gdOHxs83k8SJfUXhuc46rDB3rNXBQ1MVRxqKUrqFhO/M0E97g==",
        "dependencies": {
          "Microsoft.IdentityModel.Tokens": "8.0.1"
        }
      },
      "Microsoft.IdentityModel.Logging": {
        "type": "Transitive",
        "resolved": "8.0.1",
        "contentHash": "UCPF2exZqBXe7v/6sGNiM6zCQOUXXQ9+v5VTb9gPB8ZSUPnX53BxlN78v2jsbIvK9Dq4GovQxo23x8JgWvm/Qg==",
        "dependencies": {
          "Microsoft.IdentityModel.Abstractions": "8.0.1"
        }
      },
      "Microsoft.IdentityModel.Protocols": {
        "type": "Transitive",
        "resolved": "8.0.1",
        "contentHash": "uA2vpKqU3I2mBBEaeJAWPTjT9v1TZrGWKdgK6G5qJd03CLx83kdiqO9cmiK8/n1erkHzFBwU/RphP83aAe3i3g==",
        "dependencies": {
          "Microsoft.IdentityModel.Tokens": "8.0.1"
        }
      },
      "Microsoft.IdentityModel.Protocols.OpenIdConnect": {
        "type": "Transitive",
        "resolved": "8.0.1",
        "contentHash": "AQDbfpL+yzuuGhO/mQhKNsp44pm5Jv8/BI4KiFXR7beVGZoSH35zMV3PrmcfvSTsyI6qrcR898NzUauD6SRigg==",
        "dependencies": {
          "Microsoft.IdentityModel.Protocols": "8.0.1",
          "System.IdentityModel.Tokens.Jwt": "8.0.1"
        }
      },
      "Microsoft.IdentityModel.Tokens": {
        "type": "Transitive",
        "resolved": "8.0.1",
        "contentHash": "kDimB6Dkd3nkW2oZPDkMkVHfQt3IDqO5gL0oa8WVy3OP4uE8Ij+8TXnqg9TOd9ufjsY3IDiGz7pCUbnfL18tjg==",
        "dependencies": {
          "Microsoft.IdentityModel.Logging": "8.0.1"
        }
      },
      "Microsoft.NETCore.Platforms": {
        "type": "Transitive",
        "resolved": "1.1.0",
        "contentHash": "kz0PEW2lhqygehI/d6XsPCQzD7ff7gUJaVGPVETX611eadGsA3A877GdSlU0LRVMCTH/+P3o2iDTak+S08V2+A=="
      },
      "Namotion.Reflection": {
        "type": "Transitive",
        "resolved": "3.4.3",
        "contentHash": "KLk2gLR9f8scM82EiL+p9TONXXPy9+IAZVMzJOA/Wsa7soZD7UJGG6j0fq0D9ZoVnBRRnSeEC7kShhRo3Olgaw=="
      },
      "NETStandard.Library": {
        "type": "Transitive",
        "resolved": "1.6.1",
        "contentHash": "WcSp3+vP+yHNgS8EV5J7pZ9IRpeDuARBPN28by8zqff1wJQXm26PVU8L3/fYLBJVU7BtDyqNVWq2KlCVvSSR4A==",
        "dependencies": {
          "Microsoft.NETCore.Platforms": "1.1.0"
        }
      },
      "NJsonSchema": {
        "type": "Transitive",
        "resolved": "11.5.2",
        "contentHash": "CAmnt4tnylb82Ro6f2EFIGz8rmThuCsITECUNqGhVEQ5VvxV+XwsTPz6LF58MbvUEV1jVcH+uxxljgM/etgK7A==",
        "dependencies": {
          "NJsonSchema.Annotations": "11.5.2",
          "Namotion.Reflection": "3.4.3",
          "Newtonsoft.Json": "13.0.3"
        }
      },
      "NJsonSchema.Annotations": {
        "type": "Transitive",
        "resolved": "11.5.2",
        "contentHash": "OfYQgNzJZb1r/gR5vza0DbBLxnmcITDhA5CXFuX1qxuP3rRdQMjbIz5VyDVHCU1QxyrfAymzajbh7iszEvyFGQ=="
      },
      "NJsonSchema.NewtonsoftJson": {
        "type": "Transitive",
        "resolved": "11.5.2",
        "contentHash": "2KuhjeP/E/hqixoKRjKUXD56V8gBkEB51gdbTU2gN2AeabCG4gW5YsAUl+ZumFgj0cbEJ7GKdl9IBdeZaLxiTA==",
        "dependencies": {
          "NJsonSchema": "11.5.2",
          "Newtonsoft.Json": "13.0.3"
        }
      },
      "NJsonSchema.Yaml": {
        "type": "Transitive",
        "resolved": "11.5.2",
        "contentHash": "1H835IiOxO5tpqpTN4Ibs0qymHbobHoYr+2K3ZdUVpzwlFDgaGflKmKT+7Hj4cBxKBsNs+MxTeCOEeM+PN1VRw==",
        "dependencies": {
          "NJsonSchema": "11.5.2",
          "YamlDotNet": "16.3.0"
        }
      },
      "NSwag.Annotations": {
        "type": "Transitive",
        "resolved": "14.6.3",
        "contentHash": "ZAmmjFF6ieW7D7bS7ViIcFZ6Sq77NxAZbvIOypsB8EVRnZMdcr+Rn/sVaVDwPi3YtZJBydSAMNsYDdluhy0ayA=="
      },
      "NSwag.AspNetCore": {
        "type": "Transitive",
        "resolved": "14.6.3",
        "contentHash": "rKhVvcmhDdI91RBntyzzO/Tjfeo4dh1zkO2UaG3R7wWp40GUK+RzZJpY4NjwuawsG+PPEWCDCKEgJL8BNo3R3A==",
        "dependencies": {
          "NJsonSchema": "11.5.2",
          "NJsonSchema.NewtonsoftJson": "11.5.2",
          "NJsonSchema.Yaml": "11.5.2",
          "NSwag.Annotations": "14.6.3",
          "NSwag.Core.Yaml": "14.6.3",
          "NSwag.Generation.AspNetCore": "14.6.3",
          "Namotion.Reflection": "3.4.3",
          "Newtonsoft.Json": "13.0.3"
        }
      },
      "NSwag.Core": {
        "type": "Transitive",
        "resolved": "14.6.3",
        "contentHash": "TrX5mbmuoOIUaOs/77Rohu0xir4nKjAVHmVsct7wmnsAI6b0HOYEM9eH9km0VbcNKj0baNQ7qYSKH6KXMkkz0Q==",
        "dependencies": {
          "NJsonSchema": "11.5.2",
          "Namotion.Reflection": "3.4.3",
          "Newtonsoft.Json": "13.0.3"
        }
      },
      "NSwag.Core.Yaml": {
        "type": "Transitive",
        "resolved": "14.6.3",
        "contentHash": "/XVgHvtFaJiGElFG1Wuk9N4AwKzmrD8udUKymDQPoqtvg5L0nSeZsnlRgKwPJq/4vquN51AIGWqB8iK4O3YRHg==",
        "dependencies": {
          "NJsonSchema": "11.5.2",
          "NJsonSchema.Yaml": "11.5.2",
          "NSwag.Core": "14.6.3",
          "Namotion.Reflection": "3.4.3",
          "Newtonsoft.Json": "13.0.3"
        }
      },
      "NSwag.Generation": {
        "type": "Transitive",
        "resolved": "14.6.3",
        "contentHash": "PMeOxbdL9XaSgPN2eZfb9gv1fHEtqMujaXCR/EL2A8JNVicCNZH73iy/IKuhNrTstZdzHp0XMYz1vbIvUKiWvQ==",
        "dependencies": {
          "NJsonSchema": "11.5.2",
          "NJsonSchema.NewtonsoftJson": "11.5.2",
          "NSwag.Core": "14.6.3",
          "Namotion.Reflection": "3.4.3",
          "Newtonsoft.Json": "13.0.3"
        }
      },
      "NSwag.Generation.AspNetCore": {
        "type": "Transitive",
        "resolved": "14.6.3",
        "contentHash": "h3A6dekJz95mjLVREa0PHejNTipzZlslqGXttruMJdEBRtxqDOVe3osNllXszAF2kA5JKL8hByNlySIr6aI7MQ==",
        "dependencies": {
          "NJsonSchema": "11.5.2",
          "NJsonSchema.NewtonsoftJson": "11.5.2",
          "NSwag.Generation": "14.6.3",
          "Namotion.Reflection": "3.4.3",
          "Newtonsoft.Json": "13.0.3"
        }
      },
      "OpenTelemetry.Api": {
        "type": "Transitive",
        "resolved": "1.15.0",
        "contentHash": "vk5OGdf6K9kQScCWo3bRjhDWCv6Pqw92IpX4dlARZ8B1WL7/2NGTDtCkkw42eQf7UdwyoHKzVvMH/PtL8d6z7w=="
      },
      "OpenTelemetry.Api.ProviderBuilderExtensions": {
        "type": "Transitive",
        "resolved": "1.15.0",
        "contentHash": "OnuSUlRpGvowkOzGFQfy+KZFu0cITfKfh2IYJJiZskxVJiOuexwOOuvfDAgpJdmTzVWAHjYdz2shcHZaJ06UjQ==",
        "dependencies": {
          "OpenTelemetry.Api": "1.15.0"
        }
      },
      "Serilog.Extensions.Hosting": {
        "type": "Transitive",
        "resolved": "10.0.0",
        "contentHash": "E7juuIc+gzoGxgzFooFgAV8g9BfiSXNKsUok9NmEpyAXg2odkcPsMa/Yo4axkJRlh0se7mkYQ1GXDaBemR+b6w==",
        "dependencies": {
          "Serilog": "4.3.0",
          "Serilog.Extensions.Logging": "10.0.0"
        }
      },
      "Serilog.Extensions.Logging": {
        "type": "Transitive",
        "resolved": "10.0.0",
        "contentHash": "vx0kABKl2dWbBhhqAfTOk53/i8aV/5VaT3a6il9gn72Wqs2pM7EK2OB6No6xdqK2IaY6Zf9gdjLuK9BVa2rT+Q==",
        "dependencies": {
          "Serilog": "4.2.0"
        }
      },
      "Serilog.Formatting.Compact": {
        "type": "Transitive",
        "resolved": "3.0.0",
        "contentHash": "wQsv14w9cqlfB5FX2MZpNsTawckN4a8dryuNGbebB/3Nh1pXnROHZov3swtu3Nj5oNG7Ba+xdu7Et/ulAUPanQ==",
        "dependencies": {
          "Serilog": "4.0.0"
        }
      },
      "Serilog.Settings.Configuration": {
        "type": "Transitive",
        "resolved": "10.0.0",
        "contentHash": "LNq+ibS1sbhTqPV1FIE69/9AJJbfaOhnaqkzcjFy95o+4U+STsta9mi97f1smgXsWYKICDeGUf8xUGzd/52/uA==",
        "dependencies": {
          "Microsoft.Extensions.DependencyModel": "10.0.0",
          "Serilog": "4.3.0"
        }
      },
      "Serilog.Sinks.Debug": {
        "type": "Transitive",
        "resolved": "3.0.0",
        "contentHash": "4BzXcdrgRX7wde9PmHuYd9U6YqycCC28hhpKonK7hx0wb19eiuRj16fPcPSVp0o/Y1ipJuNLYQ00R3q2Zs8FDA==",
        "dependencies": {
          "Serilog": "4.0.0"
        }
      },
      "Sprache": {
        "type": "Transitive",
        "resolved": "2.3.1",
        "contentHash": "Q+mXeiTxiUYG3lKYF6TS82/SyB4F2613Q1yXTMwg4jWGHEEVC3yrzHtNcI4B3qnDI0+eJsezGJ0V+cToUytHWw=="
      },
      "System.IdentityModel.Tokens.Jwt": {
        "type": "Transitive",
        "resolved": "8.0.1",
        "contentHash": "GJw3bYkWpOgvN3tJo5X4lYUeIFA2HD293FPUhKmp7qxS+g5ywAb34Dnd3cDAFLkcMohy5XTpoaZ4uAHuw0uSPQ==",
        "dependencies": {
          "Microsoft.IdentityModel.JsonWebTokens": "8.0.1",
          "Microsoft.IdentityModel.Tokens": "8.0.1"
        }
      },
      "System.Reflection.TypeExtensions": {
        "type": "Transitive",
        "resolved": "4.7.0",
        "contentHash": "VybpaOQQhqE6siHppMktjfGBw1GCwvCqiufqmP8F1nj7fTUNtW35LOEt3UZTEsECfo+ELAl/9o9nJx3U91i7vA=="
      },
      "YamlDotNet": {
        "type": "Transitive",
        "resolved": "16.3.0",
        "contentHash": "SgMOdxbz8X65z8hraIs6hOEdnkH6hESTAIUa7viEngHOYaH+6q5XJmwr1+yb9vJpNQ19hCQY69xbFsLtXpobQA=="
      },
      "hackathonmanager.migrator": {
        "type": "Project",
        "dependencies": {
          "JetBrains.Annotations": "[2025.2.0, )",
          "Npgsql": "[10.0.1, )",
          "dbup-postgresql": "[6.1.5, )"
        }
      },
      "dbup-postgresql": {
        "type": "CentralTransitive",
        "requested": "[6.1.5, )",
        "resolved": "6.1.5",
        "contentHash": "oIqxqC8f2j6/VLsvzV971sOcTugytrU2sot29GlBFMJQmnkBn3S15mSgA4Qt6fOx9sdbf2rp9yGUtvocBlKu3A==",
        "dependencies": {
          "Npgsql": "9.0.4",
          "dbup-core": "6.0.15"
        }
      }
    }
  }
}