{
  "version": 2,
  "dependencies": {
    "net9.0": {
      "Bogus": {
        "type": "Direct",
        "requested": "[35.6.3, )",
        "resolved": "35.6.3",
        "contentHash": "+5omfZWy8gOcbpc48vKfMI4h/ecbdf3NQm6xCl3zMbaP4J3rMMm5h3kPFeIWBgt4mbz6YY0eeZDLR/6yv1khKw=="
      },
      "coverlet.collector": {
        "type": "Direct",
        "requested": "[6.0.4, )",
        "resolved": "6.0.4",
        "contentHash": "lkhqpF8Pu2Y7IiN7OntbsTtdbpR1syMsm2F3IgX6ootA4ffRqWL5jF7XipHuZQTdVuWG/gVAAcf8mjk8Tz0xPg=="
      },
      "GitHubActionsTestLogger": {
        "type": "Direct",
        "requested": "[2.4.1, )",
        "resolved": "2.4.1",
        "contentHash": "SH1ar/kg36CggzMqLUDRoUqR8SSjK/JiQ2JS8MYg8u0RCLDkkDEbPGIN91omOPx9f2GuDqsxxofSdgsQje3Xuw==",
        "dependencies": {
          "Microsoft.TestPlatform.ObjectModel": "17.10.0"
        }
      },
      "JetBrains.Annotations": {
        "type": "Direct",
        "requested": "[2024.3.0, )",
        "resolved": "2024.3.0",
        "contentHash": "ox5pkeLQXjvJdyAB4b2sBYAlqZGLh3PjSnP1bQNVx72ONuTJ9+34/+Rq91Fc0dG29XG9RgZur9+NcP4riihTug=="
      },
      "Microsoft.NET.Test.Sdk": {
        "type": "Direct",
        "requested": "[17.14.1, )",
        "resolved": "17.14.1",
        "contentHash": "HJKqKOE+vshXra2aEHpi2TlxYX7Z9VFYkr+E5rwEvHC8eIXiyO+K9kNm8vmNom3e2rA56WqxU+/N9NJlLGXsJQ==",
        "dependencies": {
          "Microsoft.CodeCoverage": "17.14.1",
          "Microsoft.TestPlatform.TestHost": "17.14.1"
        }
      },
      "Neovolve.Logging.Xunit.v3": {
        "type": "Direct",
        "requested": "[7.1.0, )",
        "resolved": "7.1.0",
        "contentHash": "qv7m92tiB9thOhzWawD7XjkV08ifPFg+tMAXh8GmL+1F4k8lqJNpdIPzDBM0ZkPwqFR4wkZx4bFi8z+YoyUqNg==",
        "dependencies": {
          "Microsoft.Extensions.Logging": "7.0.0",
          "System.Text.Json": "6.0.11",
          "xunit.v3.extensibility.core": "1.0.0"
        }
      },
      "NSubstitute": {
        "type": "Direct",
        "requested": "[5.3.0, )",
        "resolved": "5.3.0",
        "contentHash": "lJ47Cps5Qzr86N99lcwd+OUvQma7+fBgr8+Mn+aOC0WrlqMNkdivaYD9IvnZ5Mqo6Ky3LS7ZI+tUq1/s9ERd0Q==",
        "dependencies": {
          "Castle.Core": "5.1.1"
        }
      },
      "NSubstitute.Analyzers.CSharp": {
        "type": "Direct",
        "requested": "[1.0.17, )",
        "resolved": "1.0.17",
        "contentHash": "Pwz0MD7CAM/G/fvJjM3ceOfI+S0IgjanHcK7evwyrW9qAWUG8fgiEXYfSX1/s3h2JUNDOw6ik0G8zp+RT61Y1g=="
      },
      "Roslynator.Analyzers": {
        "type": "Direct",
        "requested": "[4.13.1, )",
        "resolved": "4.13.1",
        "contentHash": "KZpLy6ZlCebMk+d/3I5KU2R7AOb4LNJ6tPJqPtvFXmO8bEBHQvCIAvJOnY2tu4C9/aVOROTDYUFADxFqw1gh/g=="
      },
      "Shouldly": {
        "type": "Direct",
        "requested": "[4.3.0, )",
        "resolved": "4.3.0",
        "contentHash": "sDetrWXrl6YXZ4HeLsdBoNk3uIa7K+V4uvIJ+cqdRa5DrFxeTED7VkjoxCuU1kJWpUuBDZz2QXFzSxBtVXLwRQ==",
        "dependencies": {
          "DiffEngine": "11.3.0",
          "EmptyFiles": "4.4.0"
        }
      },
      "SonarAnalyzer.CSharp": {
        "type": "Direct",
        "requested": "[10.11.0.117924, )",
        "resolved": "10.11.0.117924",
        "contentHash": "C7eK46HEeZCptfuR2kGjLnBzdzBjx1F1fb6Ga8DFOsPPaz1sw7LNWdGh42+Ch5NJW/Iq39xcDds4lvww7i4BGw=="
      },
      "xunit.analyzers": {
        "type": "Direct",
        "requested": "[1.22.0, )",
        "resolved": "1.22.0",
        "contentHash": "MXTmnlJLQPSJfgxibeFgpUP5sj+3649BWkf3WgeUhAVUrI3nXzWE+BGH4OPfWkG2Q5x0SzIKgegikNhnfMgaXQ=="
      },
      "xunit.runner.visualstudio": {
        "type": "Direct",
        "requested": "[3.1.1, )",
        "resolved": "3.1.1",
        "contentHash": "gNu2zhnuwjq5vQlU4S7yK/lfaKZDLmtcu+vTjnhfTlMAUYn+Hmgu8IIX0UCwWepYkk+Szx03DHx1bDnc9Fd+9w=="
      },
      "xunit.v3": {
        "type": "Direct",
        "requested": "[2.0.3, )",
        "resolved": "2.0.3",
        "contentHash": "Zx2r5xnUgyAIhI3cvfKaAr7Mj0Enn0zFhaMoTJ2hRYEPJlqlllUkTUvBBYalZQvpXGub/UQWq1nY5erD7Zv1cA==",
        "dependencies": {
          "xunit.analyzers": "1.22.0",
          "xunit.v3.assert": "[2.0.3]",
          "xunit.v3.core": "[2.0.3]"
        }
      },
      "Castle.Core": {
        "type": "Transitive",
        "resolved": "5.1.1",
        "contentHash": "rpYtIczkzGpf+EkZgDr9CClTdemhsrwA/W5hMoPjLkRFnXzH44zDLoovXeKtmxb1ykXK9aJVODSpiJml8CTw2g==",
        "dependencies": {
          "System.Diagnostics.EventLog": "6.0.0"
        }
      },
      "dbup-core": {
        "type": "Transitive",
        "resolved": "6.0.4",
        "contentHash": "+7btP67vLsBM1VBPMH8H3RHfSy715qlMkOV3JJFzErA4Mz+b6EzDS2KNd/rQyBpSWsuJI3d58GtU0nYZxoLBqA==",
        "dependencies": {
          "Microsoft.Extensions.Logging.Abstractions": "8.0.0"
        }
      },
      "DiffEngine": {
        "type": "Transitive",
        "resolved": "11.3.0",
        "contentHash": "k0ZgZqd09jLZQjR8FyQbSQE86Q7QZnjEzq1LPHtj1R2AoWO8sjV5x+jlSisL7NZAbUOI4y+7Bog8gkr9WIRBGw==",
        "dependencies": {
          "EmptyFiles": "4.4.0",
          "System.Management": "6.0.1"
        }
      },
      "EmptyFiles": {
        "type": "Transitive",
        "resolved": "4.4.0",
        "contentHash": "gwJEfIGS7FhykvtZoscwXj/XwW+mJY6UbAZk+qtLKFUGWC95kfKXnj8VkxsZQnWBxJemM/q664rGLN5nf+OHZw=="
      },
      "Google.Protobuf": {
        "type": "Transitive",
        "resolved": "3.30.1",
        "contentHash": "HeWXDQBabQn/sCGicbeLJ0HMunknfC4FdLrOQOsaMJHcpqx3HVIpyyJqTrqJlWnza870twhOb+rBcaTiC/TlNA=="
      },
      "Grpc.Core.Api": {
        "type": "Transitive",
        "resolved": "2.70.0",
        "contentHash": "66UotvWcSIq41oiQhLWcQACyKPM4umxXNiht5DQTLZJfNwEswWOcS7Z0xIEHyNIBE7ZpjotH22bEjTkvhPxmVw=="
      },
      "Grpc.Net.Client": {
        "type": "Transitive",
        "resolved": "2.70.0",
        "contentHash": "xNv0FFCVJa5S1beUtye82WFCxKThuE1jbN8DO1x1Rj8VSIWXLBUmfSID5a1fGzsU2R/EMfwPoWclJ2RMfQuGXw==",
        "dependencies": {
          "Grpc.Net.Common": "2.70.0",
          "Microsoft.Extensions.Logging.Abstractions": "6.0.0"
        }
      },
      "Grpc.Net.Common": {
        "type": "Transitive",
        "resolved": "2.70.0",
        "contentHash": "rBdEUMyCwa+iB8mqC6JKyPbj3SBHHkReJj/yy/XKJI63GcG6w9DJMMGTVcYHqq4Ci2W4m0HT4jt2pFfFscar8g==",
        "dependencies": {
          "Grpc.Core.Api": "2.70.0"
        }
      },
      "Microsoft.Bcl.AsyncInterfaces": {
        "type": "Transitive",
        "resolved": "6.0.0",
        "contentHash": "UcSjPsst+DfAdJGVDsu346FX0ci0ah+lw3WRtn18NUwEqRt70HaOQ7lI72vy3+1LxtqI3T5GWwV39rQSrCzAeg=="
      },
      "Microsoft.CodeCoverage": {
        "type": "Transitive",
        "resolved": "17.14.1",
        "contentHash": "pmTrhfFIoplzFVbhVwUquT+77CbGH+h4/3mBpdmIlYtBi9nAB+kKI6dN3A/nV4DFi3wLLx/BlHIPK+MkbQ6Tpg=="
      },
      "Microsoft.Extensions.Configuration": {
        "type": "Transitive",
        "resolved": "9.0.6",
        "contentHash": "VWB5jdkxHsRiuoniTqwOL32R4OWyp5If/bAucLjRJczRVNcwb8iCXKLjn3Inv8fv+jHMVMnvQLg7xhSys+y5PA==",
        "dependencies": {
          "Microsoft.Extensions.Configuration.Abstractions": "9.0.6",
          "Microsoft.Extensions.Primitives": "9.0.6"
        }
      },
      "Microsoft.Extensions.Configuration.Abstractions": {
        "type": "Transitive",
        "resolved": "9.0.6",
        "contentHash": "3GgMIi2jP8g1fBW93Z9b9Unamc0SIsgyhiCmC91gq4loTixK9vQMuxxUsfJ1kRGwn+/FqLKwOHqmn0oYWn3Fvw==",
        "dependencies": {
          "Microsoft.Extensions.Primitives": "9.0.6"
        }
      },
      "Microsoft.Extensions.Configuration.Binder": {
        "type": "Transitive",
        "resolved": "9.0.6",
        "contentHash": "Opl/7SIrwDy9WjHn/vU2thQ8CUtrIWHLr+89I7/0VYNEJQvpL24zvqYrh83cH38RzNKHji0WGVkCVP6HJChVVw==",
        "dependencies": {
          "Microsoft.Extensions.Configuration.Abstractions": "9.0.6"
        }
      },
      "Microsoft.Extensions.DependencyInjection": {
        "type": "Transitive",
        "resolved": "9.0.6",
        "contentHash": "vS65HMo5RS10DD543fknsyVDxihMcVxVn3/hNaILgBxWYnOLxWIeCIO9X0QFuCvPRNjClvXe9Aj8KaQNx7vFkQ==",
        "dependencies": {
          "Microsoft.Extensions.DependencyInjection.Abstractions": "9.0.6"
        }
      },
      "Microsoft.Extensions.DependencyInjection.Abstractions": {
        "type": "Transitive",
        "resolved": "9.0.6",
        "contentHash": "0Zn6nR/6g+90MxskZyOOMPQvnPnrrGu6bytPwkV+azDcTtCSuQ1+GJUrg8Klmnrjk1i6zMpw2lXijl+tw7Q3kA=="
      },
      "Microsoft.Extensions.DependencyModel": {
        "type": "Transitive",
        "resolved": "9.0.0",
        "contentHash": "saxr2XzwgDU77LaQfYFXmddEDRUKHF4DaGMZkNB3qjdVSZlax3//dGJagJkKrGMIPNZs2jVFXITyCCR6UHJNdA=="
      },
      "Microsoft.Extensions.Diagnostics.Abstractions": {
        "type": "Transitive",
        "resolved": "9.0.6",
        "contentHash": "GIoXX7VDcTEsNM6yvffTBaOwnPQELGI5dzExR7L2O7AUkDsHBYIZawUbuwfq3cYzz8dIAAJotQYJMzH7qy27Ng==",
        "dependencies": {
          "Microsoft.Extensions.DependencyInjection.Abstractions": "9.0.6",
          "Microsoft.Extensions.Options": "9.0.6"
        }
      },
      "Microsoft.Extensions.Diagnostics.HealthChecks.Abstractions": {
        "type": "Transitive",
        "resolved": "9.0.6",
        "contentHash": "NZ8M8H7zz8rDAX+Em9/4XM7+7FD1XDzykfMZ62BDRd9ohHG3udDt0BxObpeP420o/Az+hDmLFT+IwVbhLkxCew=="
      },
      "Microsoft.Extensions.FileProviders.Abstractions": {
        "type": "Transitive",
        "resolved": "9.0.6",
        "contentHash": "q9FPkSGVA9ipI255p3PBAvWNXas5Tzjyp/DwYSwT+46mIFw9fWZahsF6vHpoxLt5/vtANotH2sAm7HunuFIx9g==",
        "dependencies": {
          "Microsoft.Extensions.Primitives": "9.0.6"
        }
      },
      "Microsoft.Extensions.Hosting.Abstractions": {
        "type": "Transitive",
        "resolved": "9.0.6",
        "contentHash": "G9T95JbcG/wQpeVIzg0IMwxI+uTywDmbxWUWN2P0mdna35rmuTqgTrZ4SU5rcfUT3EJfbI9N4K8UyCAAc6QK8Q==",
        "dependencies": {
          "Microsoft.Extensions.Configuration.Abstractions": "9.0.6",
          "Microsoft.Extensions.DependencyInjection.Abstractions": "9.0.6",
          "Microsoft.Extensions.Diagnostics.Abstractions": "9.0.6",
          "Microsoft.Extensions.FileProviders.Abstractions": "9.0.6",
          "Microsoft.Extensions.Logging.Abstractions": "9.0.6"
        }
      },
      "Microsoft.Extensions.Logging.Abstractions": {
        "type": "Transitive",
        "resolved": "9.0.6",
        "contentHash": "LFnyBNK7WtFmKdnHu3v0HOYQ8BcjYuy0jdC9pgCJ/rbLKoJEG9/dBzSKMEeeWDbDeoWS0TIxOC8a9CM5ufca3A==",
        "dependencies": {
          "Microsoft.Extensions.DependencyInjection.Abstractions": "9.0.6"
        }
      },
      "Microsoft.Extensions.Logging.Configuration": {
        "type": "Transitive",
        "resolved": "9.0.6",
        "contentHash": "lCgpxE5r6v43SB40/yUVnSWZUUqUZF5iUWizhkx4gqvq0L0rMw5g8adWKGO7sfIaSbCiU0et85sDQWswhLcceg==",
        "dependencies": {
          "Microsoft.Extensions.Configuration": "9.0.6",
          "Microsoft.Extensions.Configuration.Abstractions": "9.0.6",
          "Microsoft.Extensions.Configuration.Binder": "9.0.6",
          "Microsoft.Extensions.DependencyInjection.Abstractions": "9.0.6",
          "Microsoft.Extensions.Logging": "9.0.6",
          "Microsoft.Extensions.Logging.Abstractions": "9.0.6",
          "Microsoft.Extensions.Options": "9.0.6",
          "Microsoft.Extensions.Options.ConfigurationExtensions": "9.0.6"
        }
      },
      "Microsoft.Extensions.Options": {
        "type": "Transitive",
        "resolved": "9.0.6",
        "contentHash": "wUPhNM1zsI58Dy10xRdF2+pnsisiUuETg5ZBncyAEEUm/CQ9Q1vmivyUWH8RDbAlqyixf2dJNQ2XZb7HsKUEQw==",
        "dependencies": {
          "Microsoft.Extensions.DependencyInjection.Abstractions": "9.0.6",
          "Microsoft.Extensions.Primitives": "9.0.6"
        }
      },
      "Microsoft.Extensions.Options.ConfigurationExtensions": {
        "type": "Transitive",
        "resolved": "9.0.6",
        "contentHash": "2lnp8nrvfzyp+5zvfeULm/hkZsDsKkl2ziBt5T8EZKoON5q+XRpRLoWcSPo8mP7GNZXpxKMBVjFNIZNbBIcnRw==",
        "dependencies": {
          "Microsoft.Extensions.Configuration.Abstractions": "9.0.6",
          "Microsoft.Extensions.Configuration.Binder": "9.0.6",
          "Microsoft.Extensions.DependencyInjection.Abstractions": "9.0.6",
          "Microsoft.Extensions.Options": "9.0.6",
          "Microsoft.Extensions.Primitives": "9.0.6"
        }
      },
      "Microsoft.Extensions.Primitives": {
        "type": "Transitive",
        "resolved": "9.0.6",
        "contentHash": "BHniU24QV67qp1pJknqYSofAPYGmijGI8D+ci9yfw33iuFdyOeB9lWTg78ThyYLyQwZw3s0vZ36VMb0MqbUuLw=="
      },
      "Microsoft.Testing.Extensions.TrxReport.Abstractions": {
        "type": "Transitive",
        "resolved": "1.6.3",
        "contentHash": "0MdowM+3IDVWE5VBzVe9NvxsE4caSbM3fO+jlWVzEBr/Vnc3BWx+uV/Ex0dLLpkxkeUKH2gGWTNLb39rw3DDqw==",
        "dependencies": {
          "Microsoft.Testing.Platform": "1.6.3"
        }
      },
      "Microsoft.Testing.Platform": {
        "type": "Transitive",
        "resolved": "1.6.3",
        "contentHash": "DqMZukaPo+vKzColfqd1I5qZebfISZT6ND70AOem/dYQmHsaMN0xg/JG7E0e80rwfxL7wAA4ylSg8j6KJf1Tuw=="
      },
      "Microsoft.Testing.Platform.MSBuild": {
        "type": "Transitive",
        "resolved": "1.6.3",
        "contentHash": "PXSYI5Iae29GM5636zOL8PlQD1YyOa9cfzfYLR43hrLjjK7RDJgMTvgAet3oZLgDTvz6pbzABZvhx+S/W5m8YA==",
        "dependencies": {
          "Microsoft.Testing.Platform": "1.6.3"
        }
      },
      "Microsoft.TestPlatform.ObjectModel": {
        "type": "Transitive",
        "resolved": "17.14.1",
        "contentHash": "xTP1W6Mi6SWmuxd3a+jj9G9UoC850WGwZUps1Wah9r1ZxgXhdJfj1QqDLJkFjHDCvN42qDL2Ps5KjQYWUU0zcQ==",
        "dependencies": {
          "System.Reflection.Metadata": "8.0.0"
        }
      },
      "Microsoft.TestPlatform.TestHost": {
        "type": "Transitive",
        "resolved": "17.14.1",
        "contentHash": "d78LPzGKkJwsJXAQwsbJJ7LE7D1wB+rAyhHHAaODF+RDSQ0NgMjDFkSA1Djw18VrxO76GlKAjRUhl+H8NL8Z+Q==",
        "dependencies": {
          "Microsoft.TestPlatform.ObjectModel": "17.14.1",
          "Newtonsoft.Json": "13.0.3"
        }
      },
      "Newtonsoft.Json": {
        "type": "Transitive",
        "resolved": "13.0.3",
        "contentHash": "HrC5BXdl00IP9zeV+0Z848QWPAoCr9P3bDEZguI+gkLcBKAOxix/tLEAAHC+UvDNPv4a2d18lOReHMOagPa+zQ=="
      },
      "Serilog.Extensions.Hosting": {
        "type": "Transitive",
        "resolved": "9.0.0",
        "contentHash": "u2TRxuxbjvTAldQn7uaAwePkWxTHIqlgjelekBtilAGL5sYyF3+65NWctN4UrwwGLsDC7c3Vz3HnOlu+PcoxXg==",
        "dependencies": {
          "Microsoft.Extensions.DependencyInjection.Abstractions": "9.0.0",
          "Microsoft.Extensions.Hosting.Abstractions": "9.0.0",
          "Microsoft.Extensions.Logging.Abstractions": "9.0.0",
          "Serilog": "4.2.0",
          "Serilog.Extensions.Logging": "9.0.0"
        }
      },
      "Serilog.Extensions.Logging": {
        "type": "Transitive",
        "resolved": "9.0.0",
        "contentHash": "NwSSYqPJeKNzl5AuXVHpGbr6PkZJFlNa14CdIebVjK3k/76kYj/mz5kiTRNVSsSaxM8kAIa1kpy/qyT9E4npRQ==",
        "dependencies": {
          "Microsoft.Extensions.Logging": "9.0.0",
          "Serilog": "4.2.0"
        }
      },
      "Serilog.Formatting.Compact": {
        "type": "Transitive",
        "resolved": "3.0.0",
        "contentHash": "wQsv14w9cqlfB5FX2MZpNsTawckN4a8dryuNGbebB/3Nh1pXnROHZov3swtu3Nj5oNG7Ba+xdu7Et/ulAUPanQ==",
        "dependencies": {
          "Serilog": "4.0.0"
        }
      },
      "Serilog.Settings.Configuration": {
        "type": "Transitive",
        "resolved": "9.0.0",
        "contentHash": "4/Et4Cqwa+F88l5SeFeNZ4c4Z6dEAIKbu3MaQb2Zz9F/g27T5a3wvfMcmCOaAiACjfUb4A6wrlTVfyYUZk3RRQ==",
        "dependencies": {
          "Microsoft.Extensions.Configuration.Binder": "9.0.0",
          "Microsoft.Extensions.DependencyModel": "9.0.0",
          "Serilog": "4.2.0"
        }
      },
      "Serilog.Sinks.Debug": {
        "type": "Transitive",
        "resolved": "3.0.0",
        "contentHash": "4BzXcdrgRX7wde9PmHuYd9U6YqycCC28hhpKonK7hx0wb19eiuRj16fPcPSVp0o/Y1ipJuNLYQ00R3q2Zs8FDA==",
        "dependencies": {
          "Serilog": "4.0.0"
        }
      },
      "System.CodeDom": {
        "type": "Transitive",
        "resolved": "6.0.0",
        "contentHash": "CPc6tWO1LAer3IzfZufDBRL+UZQcj5uS207NHALQzP84Vp/z6wF0Aa0YZImOQY8iStY0A2zI/e3ihKNPfUm8XA=="
      },
      "System.Collections.Immutable": {
        "type": "Transitive",
        "resolved": "8.0.0",
        "contentHash": "AurL6Y5BA1WotzlEvVaIDpqzpIPvYnnldxru8oXJU2yFxFUy3+pNXjXd1ymO+RA0rq0+590Q8gaz2l3Sr7fmqg=="
      },
      "System.Diagnostics.EventLog": {
        "type": "Transitive",
        "resolved": "6.0.0",
        "contentHash": "lcyUiXTsETK2ALsZrX+nWuHSIQeazhqPphLfaRxzdGaG93+0kELqpgEHtwWOlQe7+jSFnKwaCAgL4kjeZCQJnw=="
      },
      "System.Management": {
        "type": "Transitive",
        "resolved": "6.0.1",
        "contentHash": "10J1D0h/lioojphfJ4Fuh5ZUThT/xOVHdV9roGBittKKNP2PMjrvibEdbVTGZcPra1399Ja3tqIJLyQrc5Wmhg==",
        "dependencies": {
          "System.CodeDom": "6.0.0"
        }
      },
      "System.Reflection.Metadata": {
        "type": "Transitive",
        "resolved": "8.0.0",
        "contentHash": "ptvgrFh7PvWI8bcVqG5rsA/weWM09EnthFHR5SCnS6IN+P4mj6rE1lBDC4U8HL9/57htKAqy4KQ3bBj84cfYyQ==",
        "dependencies": {
          "System.Collections.Immutable": "8.0.0"
        }
      },
      "System.Reflection.TypeExtensions": {
        "type": "Transitive",
        "resolved": "4.7.0",
        "contentHash": "VybpaOQQhqE6siHppMktjfGBw1GCwvCqiufqmP8F1nj7fTUNtW35LOEt3UZTEsECfo+ELAl/9o9nJx3U91i7vA=="
      },
      "System.Text.Json": {
        "type": "Transitive",
        "resolved": "6.0.11",
        "contentHash": "xqC1HIbJMBFhrpYs76oYP+NAskNVjc6v73HqLal7ECRDPIp4oRU5pPavkD//vNactCn9DA2aaald/I5N+uZ5/g=="
      },
      "xunit.v3.assert": {
        "type": "Transitive",
        "resolved": "2.0.3",
        "contentHash": "6uTT9zLyg7YtP8fAZqOFcCpeGXtsh6K1+QVHHJl/aoQObr2qHvhGMuZbm5UYf4z49ytpQt6NzP6Iq4uWEBBh4g=="
      },
      "xunit.v3.common": {
        "type": "Transitive",
        "resolved": "2.0.3",
        "contentHash": "u3kTB9Fqo6X8keccsW4Zkn87nQNxMNZGm1rjJjCC0yThKP77N8H52Fx6CaochjGeGzEc2w9CUDu7C2ygu61bYg==",
        "dependencies": {
          "Microsoft.Bcl.AsyncInterfaces": "6.0.0"
        }
      },
      "xunit.v3.core": {
        "type": "Transitive",
        "resolved": "2.0.3",
        "contentHash": "KN2xOHNVGXI6AsPKatV9urqVs2YIGQ+2klY6HLys/oQauBVoS2W2+BRZz1rnwoJ+5aK+2+gfe1rLKi8iInT9Ow==",
        "dependencies": {
          "Microsoft.Testing.Platform.MSBuild": "1.6.3",
          "xunit.v3.extensibility.core": "[2.0.3]",
          "xunit.v3.runner.inproc.console": "[2.0.3]"
        }
      },
      "xunit.v3.extensibility.core": {
        "type": "Transitive",
        "resolved": "2.0.3",
        "contentHash": "1uxfWR72veq0b5/3ghEA2zRAkdqmnA9ahCxWr1VEb2q6MBNKx6aHsAL85PyY172f1dsvUMqh7BSelaHsR5Df5w==",
        "dependencies": {
          "xunit.v3.common": "[2.0.3]"
        }
      },
      "xunit.v3.runner.common": {
        "type": "Transitive",
        "resolved": "2.0.3",
        "contentHash": "Q+43ogqiJlWOG3l6Me7iNTm68CvVdX16OsHDoQcKCUEvWXHyiSRGBkcmMAT3OVENH0wS69QHi0q4mb3VsAbclA==",
        "dependencies": {
          "xunit.v3.common": "[2.0.3]"
        }
      },
      "xunit.v3.runner.inproc.console": {
        "type": "Transitive",
        "resolved": "2.0.3",
        "contentHash": "S65IrpHbt9nHotyfs6MnjNsc8bZUMBLHHJcyky4ywDNKx+k07sjwaGb+otLQA4Z6FPCGIPrL7u0ThQm76FxBZw==",
        "dependencies": {
          "Microsoft.Testing.Extensions.TrxReport.Abstractions": "1.6.3",
          "Microsoft.Testing.Platform": "1.6.3",
          "xunit.v3.extensibility.core": "[2.0.3]",
          "xunit.v3.runner.common": "[2.0.3]"
        }
      },
      "hackathonmanager": {
        "type": "Project",
        "dependencies": {
          "Destructurama.Attributed": "[5.1.0, )",
          "FluentValidation": "[12.0.0, )",
          "FluentValidation.DependencyInjectionExtensions": "[12.0.0, )",
          "HackathonManager.Migrator": "[1.0.0, )",
          "JetBrains.Annotations": "[2024.3.0, )",
          "Microsoft.Extensions.Diagnostics.HealthChecks": "[9.0.6, )",
          "Serilog": "[4.3.0, )",
          "Serilog.AspNetCore": "[9.0.0, )",
          "Serilog.Exceptions": "[8.4.0, )",
          "Serilog.Expressions": "[5.0.0, )",
          "Serilog.Sinks.Console": "[6.0.0, )",
          "Serilog.Sinks.File": "[7.0.0, )",
          "Serilog.Sinks.OpenTelemetry": "[4.2.0, )"
        }
      },
      "hackathonmanager.migrator": {
        "type": "Project",
        "dependencies": {
          "JetBrains.Annotations": "[2024.3.0, )",
          "Microsoft.Extensions.Logging": "[9.0.6, )",
          "Microsoft.Extensions.Logging.Console": "[9.0.6, )",
          "Npgsql": "[9.0.3, )",
          "dbup-postgresql": "[6.0.3, )"
        }
      },
      "dbup-postgresql": {
        "type": "CentralTransitive",
        "requested": "[6.0.3, )",
        "resolved": "6.0.3",
        "contentHash": "1LYSS0WTPUQ6mk/PpU7m3c5ptJpo8WQuX2P1YeCvFidPKufNqkv2/4bGujqlBf3u0lNd2w7DTKfihKpSSGk32g==",
        "dependencies": {
          "Npgsql": "9.0.2",
          "dbup-core": "6.0.4"
        }
      },
      "Destructurama.Attributed": {
        "type": "CentralTransitive",
        "requested": "[5.1.0, )",
        "resolved": "5.1.0",
        "contentHash": "OI13byX3ArLIsS5R33RrZacrssk1ph/zDZFTa68CeTCq9itbQRgMviGQxfByC178dCKRTEdelYlXbl4HXLl/Qw==",
        "dependencies": {
          "Serilog": "4.2.0"
        }
      },
      "FluentValidation": {
        "type": "CentralTransitive",
        "requested": "[12.0.0, )",
        "resolved": "12.0.0",
        "contentHash": "8NVLxtMUXynRHJIX3Hn1ACovaqZIJASufXIIFkD0EUbcd5PmMsL1xUD5h548gCezJ5BzlITaR9CAMrGe29aWpA=="
      },
      "FluentValidation.DependencyInjectionExtensions": {
        "type": "CentralTransitive",
        "requested": "[12.0.0, )",
        "resolved": "12.0.0",
        "contentHash": "B28fBRL1UjhGsBC8fwV6YBZosh+SiU1FxdD7l7p5dGPgRlVI7UnM+Lgzmg+unZtV1Zxzpaw96UY2MYfMaAd8cg==",
        "dependencies": {
          "FluentValidation": "12.0.0",
          "Microsoft.Extensions.Dependencyinjection.Abstractions": "2.1.0"
        }
      },
      "Microsoft.Extensions.Diagnostics.HealthChecks": {
        "type": "CentralTransitive",
        "requested": "[9.0.6, )",
        "resolved": "9.0.6",
        "contentHash": "vq59f1teeXK8yXLeweTn0ozyM8zBtNEsRoNN4bXlOIxbtpF72lFhCNuve6iNytKm9isFpD2sNys6KrhMCD+jxg==",
        "dependencies": {
          "Microsoft.Extensions.Diagnostics.HealthChecks.Abstractions": "9.0.6",
          "Microsoft.Extensions.Hosting.Abstractions": "9.0.6",
          "Microsoft.Extensions.Logging.Abstractions": "9.0.6",
          "Microsoft.Extensions.Options": "9.0.6"
        }
      },
      "Microsoft.Extensions.Logging": {
        "type": "CentralTransitive",
        "requested": "[9.0.6, )",
        "resolved": "9.0.6",
        "contentHash": "XBzjitTFaQhF8EbJ645vblZezV1p52ePTxKHoVkRidHF11Xkjxg94qr0Rvp2qyxK2vBJ4OIZ41NB15YUyxTGMQ==",
        "dependencies": {
          "Microsoft.Extensions.DependencyInjection": "9.0.6",
          "Microsoft.Extensions.Logging.Abstractions": "9.0.6",
          "Microsoft.Extensions.Options": "9.0.6"
        }
      },
      "Microsoft.Extensions.Logging.Console": {
        "type": "CentralTransitive",
        "requested": "[9.0.6, )",
        "resolved": "9.0.6",
        "contentHash": "L1O0M3MrqGlkrPYMLzcCphQpCG0lSHfTSPrm1otALNBzTPiO8rxxkjhBIIa2onKv92UP30Y4QaiigVMTx8YcxQ==",
        "dependencies": {
          "Microsoft.Extensions.DependencyInjection.Abstractions": "9.0.6",
          "Microsoft.Extensions.Logging": "9.0.6",
          "Microsoft.Extensions.Logging.Abstractions": "9.0.6",
          "Microsoft.Extensions.Logging.Configuration": "9.0.6",
          "Microsoft.Extensions.Options": "9.0.6"
        }
      },
      "Npgsql": {
        "type": "CentralTransitive",
        "requested": "[9.0.3, )",
        "resolved": "9.0.3",
        "contentHash": "tPvY61CxOAWxNsKLEBg+oR646X4Bc8UmyQ/tJszL/7mEmIXQnnBhVJZrZEEUv0Bstu0mEsHZD5At3EO8zQRAYw==",
        "dependencies": {
          "Microsoft.Extensions.Logging.Abstractions": "8.0.2"
        }
      },
      "Serilog": {
        "type": "CentralTransitive",
        "requested": "[4.3.0, )",
        "resolved": "4.3.0",
        "contentHash": "+cDryFR0GRhsGOnZSKwaDzRRl4MupvJ42FhCE4zhQRVanX0Jpg6WuCBk59OVhVDPmab1bB+nRykAnykYELA9qQ=="
      },
      "Serilog.AspNetCore": {
        "type": "CentralTransitive",
        "requested": "[9.0.0, )",
        "resolved": "9.0.0",
        "contentHash": "JslDajPlBsn3Pww1554flJFTqROvK9zz9jONNQgn0D8Lx2Trw8L0A8/n6zEQK1DAZWXrJwiVLw8cnTR3YFuYsg==",
        "dependencies": {
          "Serilog": "4.2.0",
          "Serilog.Extensions.Hosting": "9.0.0",
          "Serilog.Formatting.Compact": "3.0.0",
          "Serilog.Settings.Configuration": "9.0.0",
          "Serilog.Sinks.Console": "6.0.0",
          "Serilog.Sinks.Debug": "3.0.0",
          "Serilog.Sinks.File": "6.0.0"
        }
      },
      "Serilog.Exceptions": {
        "type": "CentralTransitive",
        "requested": "[8.4.0, )",
        "resolved": "8.4.0",
        "contentHash": "nc/+hUw3lsdo0zCj0KMIybAu7perMx79vu72w0za9Nsi6mWyNkGXxYxakAjWB7nEmYL6zdmhEQRB4oJ2ALUeug==",
        "dependencies": {
          "Serilog": "2.8.0",
          "System.Reflection.TypeExtensions": "4.7.0"
        }
      },
      "Serilog.Expressions": {
        "type": "CentralTransitive",
        "requested": "[5.0.0, )",
        "resolved": "5.0.0",
        "contentHash": "QhZjXtUcA2QfQRA60m+DfyIfidKsQV7HBstbYEDqzJKMbJH/KnKthkkjciRuYrmFE+scWv1JibC5LlXrdtOUmw==",
        "dependencies": {
          "Serilog": "4.0.0"
        }
      },
      "Serilog.Sinks.Console": {
        "type": "CentralTransitive",
        "requested": "[6.0.0, )",
        "resolved": "6.0.0",
        "contentHash": "fQGWqVMClCP2yEyTXPIinSr5c+CBGUvBybPxjAGcf7ctDhadFhrQw03Mv8rJ07/wR5PDfFjewf2LimvXCDzpbA==",
        "dependencies": {
          "Serilog": "4.0.0"
        }
      },
      "Serilog.Sinks.File": {
        "type": "CentralTransitive",
        "requested": "[7.0.0, )",
        "resolved": "7.0.0",
        "contentHash": "fKL7mXv7qaiNBUC71ssvn/dU0k9t0o45+qm2XgKAlSt19xF+ijjxyA3R6HmCgfKEKwfcfkwWjayuQtRueZFkYw==",
        "dependencies": {
          "Serilog": "4.2.0"
        }
      },
      "Serilog.Sinks.OpenTelemetry": {
        "type": "CentralTransitive",
        "requested": "[4.2.0, )",
        "resolved": "4.2.0",
        "contentHash": "PzMCyE5G19tjr5IZEi5qg+4UU5QrxBEoBEMu/hhYybTrGKXqUDiSGWKZNUDBgelaVKqLADlsmlJVyKce5SyPrg==",
        "dependencies": {
          "Google.Protobuf": "3.30.1",
          "Grpc.Net.Client": "2.70.0",
          "Serilog": "4.2.0"
        }
      }
    }
  }
}